
Microsoft Visual Studio Solution File, Format Version 12.00
# Visual Studio 15
VisualStudioVersion = 15.0.27130.2026
MinimumVisualStudioVersion = 10.0.40219.1
Project("{2150E333-8FDC-42A3-9474-1A3956D46DE8}") = "Test", "Test", "{A6F41848-DC0F-46C5-A392-6BD94009C3E5}"
EndProject
Project("{9A19103F-16F7-4668-BE54-9A1E7A4F7556}") = "ExCSS", "ExCSS-master\src\ExCSS\ExCSS.csproj", "{C927060F-A209-42EB-B4E6-61BF1447757F}"
EndProject
Project("{2150E333-8FDC-42A3-9474-1A3956D46DE8}") = "App Framework", "App Framework", "{3F414ABD-6A0A-469B-A2A2-CDAF54E0F5E3}"
EndProject
Project("{9A19103F-16F7-4668-BE54-9A1E7A4F7556}") = "Tauron.Application.ImageOrganizer.Contracts", "Tauron.Application.ImageOrganizer.Contracts\Tauron.Application.ImageOrganizer.Contracts.csproj", "{C5710E3B-88F7-4D31-BE77-97BFC33783D5}"
EndProject
Project("{9A19103F-16F7-4668-BE54-9A1E7A4F7556}") = "Tauron.Application.ImageOrganizer.Data", "Tauron.Application.ImageOrganizer.Data\Tauron.Application.ImageOrganizer.Data.csproj", "{573F3C9F-E3B5-4170-9FC5-530385AB3263}"
EndProject
Project("{9A19103F-16F7-4668-BE54-9A1E7A4F7556}") = "Tauron.Application.ImageOrganizer.Container", "Tauron.Application.ImageOrganizer.Container\Tauron.Application.ImageOrganizer.Container.csproj", "{9EF25CFA-99D4-4704-83CC-59B09AA66871}"
EndProject
Project("{FAE04EC0-301F-11D3-BF4B-00C04F79EFBC}") = "Tauron.Application.IOInterface", "Tauron.Application.IOInterface\Tauron.Application.IOInterface.csproj", "{10B19DE6-8ABE-4B89-86C5-18FB31C2305B}"
EndProject
Project("{9A19103F-16F7-4668-BE54-9A1E7A4F7556}") = "Tauron.Application.ImageOrganizer.BL", "Tauron.Application.ImageOrganizer.BL\Tauron.Application.ImageOrganizer.BL.csproj", "{52F34AEA-4F62-4ABC-9B76-E845B0CBCAEB}"
EndProject
Project("{9A19103F-16F7-4668-BE54-9A1E7A4F7556}") = "Tauron.Application.ImageOrginazer.ViewModels", "Tauron.Application.ImageOrginazer.ViewModels\Tauron.Application.ImageOrginazer.ViewModels.csproj", "{23CC95C3-FAC2-4F32-8562-BCE31F4F0292}"
EndProject
Project("{FAE04EC0-301F-11D3-BF4B-00C04F79EFBC}") = "Tauron.Application.ImageOrganizer.Views", "Tauron.Application.ImageOrganizer.Views\Tauron.Application.ImageOrganizer.Views.csproj", "{244084B6-B422-4796-9D6F-FD6BC7C23733}"
EndProject
Project("{FAE04EC0-301F-11D3-BF4B-00C04F79EFBC}") = "ImageOrganizer.Startup", "ImageOrganizer.Startup\ImageOrganizer.Startup.csproj", "{B3BF6CC0-5796-49A7-9351-E69C1C255857}"
EndProject
Project("{FAE04EC0-301F-11D3-BF4B-00C04F79EFBC}") = "DatabaseHelper", "DatabaseHelper\DatabaseHelper.csproj", "{26103962-BA62-4136-A489-A460E8F78F79}"
EndProject
Project("{FAE04EC0-301F-11D3-BF4B-00C04F79EFBC}") = "WpfAnimatedGif", "WpfAnimatedGif\WpfAnimatedGif.csproj", "{D129789C-3096-4D0B-8DD7-FE24A4DF4B21}"
EndProject
Project("{9A19103F-16F7-4668-BE54-9A1E7A4F7556}") = "Tauron.Application.Common", "..\Tauron.Application.Common-NetStandart\Tauron.Application.Common\Tauron.Application.Common.csproj", "{597FB804-1FF0-46B8-B342-D71C8D51B35A}"
EndProject
Project("{9A19103F-16F7-4668-BE54-9A1E7A4F7556}") = "Tauron.Application.Common.BaseLayer", "..\Tauron.Application.Common-NetStandart\Tauron.Application.Common.BaseLayer\Tauron.Application.Common.BaseLayer.csproj", "{61B20382-2628-4866-8EB2-19B551C67ACF}"
EndProject
Project("{9A19103F-16F7-4668-BE54-9A1E7A4F7556}") = "Tauron.Application.Common.BaseLayer.EntityFramework", "..\Tauron.Application.Common-NetStandart\Tauron.Application.Common.BaseLayer.EntityFramework\Tauron.Application.Common.BaseLayer.EntityFramework.csproj", "{EE886EC8-A094-4A50-830C-C69AD3D70F54}"
EndProject
Project("{9A19103F-16F7-4668-BE54-9A1E7A4F7556}") = "Tauron.Application.Common.CastleProxy", "..\Tauron.Application.Common-NetStandart\Tauron.Application.Common.CastleProxy\Tauron.Application.Common.CastleProxy.csproj", "{9525092D-53FA-438F-85CA-FFAAD56F6956}"
EndProject
Project("{9A19103F-16F7-4668-BE54-9A1E7A4F7556}") = "Tauron.Application.Common.MVVM", "..\Tauron.Application.Common-NetStandart\Tauron.Application.Common.MVVM\Tauron.Application.Common.MVVM.csproj", "{EDFE0197-1A42-4A0B-A07D-AE13CE8EACA4}"
EndProject
Project("{FAE04EC0-301F-11D3-BF4B-00C04F79EFBC}") = "Tauron.Application.Common.MVVM.Wpf", "..\Tauron.Application.Common-NetStandart\Tauron.Application.Common.MVVM.Wpf\Tauron.Application.Common.MVVM.Wpf.csproj", "{4DBEE1B0-5036-4C62-AF18-1F12C2512E3D}"
EndProject
Project("{FAE04EC0-301F-11D3-BF4B-00C04F79EFBC}") = "Tauron.Application.Common.Windows", "..\Tauron.Application.Common-NetStandart\Tauron.Application.Common.Windows\Tauron.Application.Common.Windows.csproj", "{7FA6AFCB-89AC-44FC-9840-C062C7FFDAD7}"
EndProject
Project("{FAE04EC0-301F-11D3-BF4B-00C04F79EFBC}") = "TastImageMaker", "TastImageMaker\TastImageMaker.csproj", "{34954483-8FD2-40DB-822D-220FA08105DC}"
EndProject
Project("{FAE04EC0-301F-11D3-BF4B-00C04F79EFBC}") = "TestDownloader", "TestDownloader\TestDownloader.csproj", "{53F93173-97B8-440C-8BCE-7359E967764A}"
EndProject
Project("{2150E333-8FDC-42A3-9474-1A3956D46DE8}") = "BitsTest", "BitsTest", "{F4BE5C52-6DAE-4A02-8068-18CD8A44F4F8}"
EndProject
Project("{FAE04EC0-301F-11D3-BF4B-00C04F79EFBC}") = "SankakuDownloader2", "SankakuDownloader2\SankakuDownloader2.csproj", "{010183DD-FF1E-437D-90EC-426496093EFF}"
EndProject
Project("{9A19103F-16F7-4668-BE54-9A1E7A4F7556}") = "Tauron.Application.Common.MVVM.Dynamic", "..\Tauron.Application.Common-NetStandart\Tauron.Application.Common.MVVM.Dynamic\Tauron.Application.Common.MVVM.Dynamic.csproj", "{F86A33C7-4440-4E61-9B5A-7E3870EA02D4}"
EndProject
Project("{FAE04EC0-301F-11D3-BF4B-00C04F79EFBC}") = "ImageOrganizer", "ImageOrganizer\ImageOrganizer.csproj", "{AE266E50-55C6-4614-ABF4-75846E664615}"
EndProject
Project("{FAE04EC0-301F-11D3-BF4B-00C04F79EFBC}") = "Tauron.Application.Common.Wpf.SplashScreen", "..\Tauron.Application.Common-NetStandart\Tauron.Application.Common.Wpf.SplashScreen\Tauron.Application.Common.Wpf.SplashScreen.csproj", "{A008DDBA-DC3A-45ED-BFBD-6A646940AD30}"
EndProject
Project("{FAE04EC0-301F-11D3-BF4B-00C04F79EFBC}") = "SharpBITS.Base", "SharpBITS.Base\SharpBITS.Base.csproj", "{B39FDB92-7420-487E-8B44-D9BC0B88D857}"
EndProject
Project("{2150E333-8FDC-42A3-9474-1A3956D46DE8}") = "Setup", "Setup", "{1252A705-A8FB-462F-9F42-EB57235B6D3D}"
EndProject
Project("{54435603-DBB4-11D2-8724-00A0C9A8B90C}") = "ImageOrganizerSetup", "ImageOrganizerSetup\ImageOrganizerSetup.vdproj", "{CAE69C3E-75E9-4039-AC6D-22602F438B8D}"
EndProject
Global
	GlobalSection(SolutionConfigurationPlatforms) = preSolution
		Debug|Any CPU = Debug|Any CPU
		Debug|x64 = Debug|x64
		Debug|x86 = Debug|x86
		Release Debug|Any CPU = Release Debug|Any CPU
		Release Debug|x64 = Release Debug|x64
		Release Debug|x86 = Release Debug|x86
		Release|Any CPU = Release|Any CPU
		Release|x64 = Release|x64
		Release|x86 = Release|x86
	EndGlobalSection
	GlobalSection(ProjectConfigurationPlatforms) = postSolution
		{C927060F-A209-42EB-B4E6-61BF1447757F}.Debug|Any CPU.ActiveCfg = Debug|Any CPU
		{C927060F-A209-42EB-B4E6-61BF1447757F}.Debug|Any CPU.Build.0 = Debug|Any CPU
		{C927060F-A209-42EB-B4E6-61BF1447757F}.Debug|x64.ActiveCfg = Debug|Any CPU
		{C927060F-A209-42EB-B4E6-61BF1447757F}.Debug|x64.Build.0 = Debug|Any CPU
		{C927060F-A209-42EB-B4E6-61BF1447757F}.Debug|x86.ActiveCfg = Debug|Any CPU
		{C927060F-A209-42EB-B4E6-61BF1447757F}.Debug|x86.Build.0 = Debug|Any CPU
		{C927060F-A209-42EB-B4E6-61BF1447757F}.Release Debug|Any CPU.ActiveCfg = Release|Any CPU
		{C927060F-A209-42EB-B4E6-61BF1447757F}.Release Debug|Any CPU.Build.0 = Release|Any CPU
		{C927060F-A209-42EB-B4E6-61BF1447757F}.Release Debug|x64.ActiveCfg = Release|Any CPU
		{C927060F-A209-42EB-B4E6-61BF1447757F}.Release Debug|x64.Build.0 = Release|Any CPU
		{C927060F-A209-42EB-B4E6-61BF1447757F}.Release Debug|x86.ActiveCfg = Release|Any CPU
		{C927060F-A209-42EB-B4E6-61BF1447757F}.Release Debug|x86.Build.0 = Release|Any CPU
		{C927060F-A209-42EB-B4E6-61BF1447757F}.Release|Any CPU.ActiveCfg = Release|Any CPU
		{C927060F-A209-42EB-B4E6-61BF1447757F}.Release|Any CPU.Build.0 = Release|Any CPU
		{C927060F-A209-42EB-B4E6-61BF1447757F}.Release|x64.ActiveCfg = Release|Any CPU
		{C927060F-A209-42EB-B4E6-61BF1447757F}.Release|x64.Build.0 = Release|Any CPU
		{C927060F-A209-42EB-B4E6-61BF1447757F}.Release|x86.ActiveCfg = Release|Any CPU
		{C927060F-A209-42EB-B4E6-61BF1447757F}.Release|x86.Build.0 = Release|Any CPU
		{C5710E3B-88F7-4D31-BE77-97BFC33783D5}.Debug|Any CPU.ActiveCfg = Debug|Any CPU
		{C5710E3B-88F7-4D31-BE77-97BFC33783D5}.Debug|Any CPU.Build.0 = Debug|Any CPU
		{C5710E3B-88F7-4D31-BE77-97BFC33783D5}.Debug|x64.ActiveCfg = Debug|Any CPU
		{C5710E3B-88F7-4D31-BE77-97BFC33783D5}.Debug|x64.Build.0 = Debug|Any CPU
		{C5710E3B-88F7-4D31-BE77-97BFC33783D5}.Debug|x86.ActiveCfg = Debug|Any CPU
		{C5710E3B-88F7-4D31-BE77-97BFC33783D5}.Debug|x86.Build.0 = Debug|Any CPU
		{C5710E3B-88F7-4D31-BE77-97BFC33783D5}.Release Debug|Any CPU.ActiveCfg = Release|Any CPU
		{C5710E3B-88F7-4D31-BE77-97BFC33783D5}.Release Debug|Any CPU.Build.0 = Release|Any CPU
		{C5710E3B-88F7-4D31-BE77-97BFC33783D5}.Release Debug|x64.ActiveCfg = Release|Any CPU
		{C5710E3B-88F7-4D31-BE77-97BFC33783D5}.Release Debug|x64.Build.0 = Release|Any CPU
		{C5710E3B-88F7-4D31-BE77-97BFC33783D5}.Release Debug|x86.ActiveCfg = Release|Any CPU
		{C5710E3B-88F7-4D31-BE77-97BFC33783D5}.Release Debug|x86.Build.0 = Release|Any CPU
		{C5710E3B-88F7-4D31-BE77-97BFC33783D5}.Release|Any CPU.ActiveCfg = Release|Any CPU
		{C5710E3B-88F7-4D31-BE77-97BFC33783D5}.Release|Any CPU.Build.0 = Release|Any CPU
		{C5710E3B-88F7-4D31-BE77-97BFC33783D5}.Release|x64.ActiveCfg = Release|Any CPU
		{C5710E3B-88F7-4D31-BE77-97BFC33783D5}.Release|x64.Build.0 = Release|Any CPU
		{C5710E3B-88F7-4D31-BE77-97BFC33783D5}.Release|x86.ActiveCfg = Release|Any CPU
		{C5710E3B-88F7-4D31-BE77-97BFC33783D5}.Release|x86.Build.0 = Release|Any CPU
		{573F3C9F-E3B5-4170-9FC5-530385AB3263}.Debug|Any CPU.ActiveCfg = Debug|Any CPU
		{573F3C9F-E3B5-4170-9FC5-530385AB3263}.Debug|Any CPU.Build.0 = Debug|Any CPU
		{573F3C9F-E3B5-4170-9FC5-530385AB3263}.Debug|x64.ActiveCfg = Debug|Any CPU
		{573F3C9F-E3B5-4170-9FC5-530385AB3263}.Debug|x64.Build.0 = Debug|Any CPU
		{573F3C9F-E3B5-4170-9FC5-530385AB3263}.Debug|x86.ActiveCfg = Debug|Any CPU
		{573F3C9F-E3B5-4170-9FC5-530385AB3263}.Debug|x86.Build.0 = Debug|Any CPU
		{573F3C9F-E3B5-4170-9FC5-530385AB3263}.Release Debug|Any CPU.ActiveCfg = Release|Any CPU
		{573F3C9F-E3B5-4170-9FC5-530385AB3263}.Release Debug|Any CPU.Build.0 = Release|Any CPU
		{573F3C9F-E3B5-4170-9FC5-530385AB3263}.Release Debug|x64.ActiveCfg = Release|Any CPU
		{573F3C9F-E3B5-4170-9FC5-530385AB3263}.Release Debug|x64.Build.0 = Release|Any CPU
		{573F3C9F-E3B5-4170-9FC5-530385AB3263}.Release Debug|x86.ActiveCfg = Release|Any CPU
		{573F3C9F-E3B5-4170-9FC5-530385AB3263}.Release Debug|x86.Build.0 = Release|Any CPU
		{573F3C9F-E3B5-4170-9FC5-530385AB3263}.Release|Any CPU.ActiveCfg = Release|Any CPU
		{573F3C9F-E3B5-4170-9FC5-530385AB3263}.Release|Any CPU.Build.0 = Release|Any CPU
		{573F3C9F-E3B5-4170-9FC5-530385AB3263}.Release|x64.ActiveCfg = Release|Any CPU
		{573F3C9F-E3B5-4170-9FC5-530385AB3263}.Release|x64.Build.0 = Release|Any CPU
		{573F3C9F-E3B5-4170-9FC5-530385AB3263}.Release|x86.ActiveCfg = Release|Any CPU
		{573F3C9F-E3B5-4170-9FC5-530385AB3263}.Release|x86.Build.0 = Release|Any CPU
		{9EF25CFA-99D4-4704-83CC-59B09AA66871}.Debug|Any CPU.ActiveCfg = Debug|Any CPU
		{9EF25CFA-99D4-4704-83CC-59B09AA66871}.Debug|Any CPU.Build.0 = Debug|Any CPU
		{9EF25CFA-99D4-4704-83CC-59B09AA66871}.Debug|x64.ActiveCfg = Debug|Any CPU
		{9EF25CFA-99D4-4704-83CC-59B09AA66871}.Debug|x64.Build.0 = Debug|Any CPU
		{9EF25CFA-99D4-4704-83CC-59B09AA66871}.Debug|x86.ActiveCfg = Debug|Any CPU
		{9EF25CFA-99D4-4704-83CC-59B09AA66871}.Debug|x86.Build.0 = Debug|Any CPU
		{9EF25CFA-99D4-4704-83CC-59B09AA66871}.Release Debug|Any CPU.ActiveCfg = Release|Any CPU
		{9EF25CFA-99D4-4704-83CC-59B09AA66871}.Release Debug|Any CPU.Build.0 = Release|Any CPU
		{9EF25CFA-99D4-4704-83CC-59B09AA66871}.Release Debug|x64.ActiveCfg = Release|Any CPU
		{9EF25CFA-99D4-4704-83CC-59B09AA66871}.Release Debug|x64.Build.0 = Release|Any CPU
		{9EF25CFA-99D4-4704-83CC-59B09AA66871}.Release Debug|x86.ActiveCfg = Release|Any CPU
		{9EF25CFA-99D4-4704-83CC-59B09AA66871}.Release Debug|x86.Build.0 = Release|Any CPU
		{9EF25CFA-99D4-4704-83CC-59B09AA66871}.Release|Any CPU.ActiveCfg = Release|Any CPU
		{9EF25CFA-99D4-4704-83CC-59B09AA66871}.Release|Any CPU.Build.0 = Release|Any CPU
		{9EF25CFA-99D4-4704-83CC-59B09AA66871}.Release|x64.ActiveCfg = Release|Any CPU
		{9EF25CFA-99D4-4704-83CC-59B09AA66871}.Release|x64.Build.0 = Release|Any CPU
		{9EF25CFA-99D4-4704-83CC-59B09AA66871}.Release|x86.ActiveCfg = Release|Any CPU
		{9EF25CFA-99D4-4704-83CC-59B09AA66871}.Release|x86.Build.0 = Release|Any CPU
		{10B19DE6-8ABE-4B89-86C5-18FB31C2305B}.Debug|Any CPU.ActiveCfg = Debug|Any CPU
		{10B19DE6-8ABE-4B89-86C5-18FB31C2305B}.Debug|Any CPU.Build.0 = Debug|Any CPU
		{10B19DE6-8ABE-4B89-86C5-18FB31C2305B}.Debug|x64.ActiveCfg = Debug|Any CPU
		{10B19DE6-8ABE-4B89-86C5-18FB31C2305B}.Debug|x64.Build.0 = Debug|Any CPU
		{10B19DE6-8ABE-4B89-86C5-18FB31C2305B}.Debug|x86.ActiveCfg = Debug|Any CPU
		{10B19DE6-8ABE-4B89-86C5-18FB31C2305B}.Debug|x86.Build.0 = Debug|Any CPU
		{10B19DE6-8ABE-4B89-86C5-18FB31C2305B}.Release Debug|Any CPU.ActiveCfg = Release|Any CPU
		{10B19DE6-8ABE-4B89-86C5-18FB31C2305B}.Release Debug|Any CPU.Build.0 = Release|Any CPU
		{10B19DE6-8ABE-4B89-86C5-18FB31C2305B}.Release Debug|x64.ActiveCfg = Release|Any CPU
		{10B19DE6-8ABE-4B89-86C5-18FB31C2305B}.Release Debug|x64.Build.0 = Release|Any CPU
		{10B19DE6-8ABE-4B89-86C5-18FB31C2305B}.Release Debug|x86.ActiveCfg = Release|Any CPU
		{10B19DE6-8ABE-4B89-86C5-18FB31C2305B}.Release Debug|x86.Build.0 = Release|Any CPU
		{10B19DE6-8ABE-4B89-86C5-18FB31C2305B}.Release|Any CPU.ActiveCfg = Release|Any CPU
		{10B19DE6-8ABE-4B89-86C5-18FB31C2305B}.Release|Any CPU.Build.0 = Release|Any CPU
		{10B19DE6-8ABE-4B89-86C5-18FB31C2305B}.Release|x64.ActiveCfg = Release|Any CPU
		{10B19DE6-8ABE-4B89-86C5-18FB31C2305B}.Release|x64.Build.0 = Release|Any CPU
		{10B19DE6-8ABE-4B89-86C5-18FB31C2305B}.Release|x86.ActiveCfg = Release|Any CPU
		{10B19DE6-8ABE-4B89-86C5-18FB31C2305B}.Release|x86.Build.0 = Release|Any CPU
		{52F34AEA-4F62-4ABC-9B76-E845B0CBCAEB}.Debug|Any CPU.ActiveCfg = Debug|Any CPU
		{52F34AEA-4F62-4ABC-9B76-E845B0CBCAEB}.Debug|Any CPU.Build.0 = Debug|Any CPU
		{52F34AEA-4F62-4ABC-9B76-E845B0CBCAEB}.Debug|x64.ActiveCfg = Debug|Any CPU
		{52F34AEA-4F62-4ABC-9B76-E845B0CBCAEB}.Debug|x64.Build.0 = Debug|Any CPU
		{52F34AEA-4F62-4ABC-9B76-E845B0CBCAEB}.Debug|x86.ActiveCfg = Debug|Any CPU
		{52F34AEA-4F62-4ABC-9B76-E845B0CBCAEB}.Debug|x86.Build.0 = Debug|Any CPU
		{52F34AEA-4F62-4ABC-9B76-E845B0CBCAEB}.Release Debug|Any CPU.ActiveCfg = Release|Any CPU
		{52F34AEA-4F62-4ABC-9B76-E845B0CBCAEB}.Release Debug|Any CPU.Build.0 = Release|Any CPU
		{52F34AEA-4F62-4ABC-9B76-E845B0CBCAEB}.Release Debug|x64.ActiveCfg = Release|Any CPU
		{52F34AEA-4F62-4ABC-9B76-E845B0CBCAEB}.Release Debug|x64.Build.0 = Release|Any CPU
		{52F34AEA-4F62-4ABC-9B76-E845B0CBCAEB}.Release Debug|x86.ActiveCfg = Release|Any CPU
		{52F34AEA-4F62-4ABC-9B76-E845B0CBCAEB}.Release Debug|x86.Build.0 = Release|Any CPU
		{52F34AEA-4F62-4ABC-9B76-E845B0CBCAEB}.Release|Any CPU.ActiveCfg = Release|Any CPU
		{52F34AEA-4F62-4ABC-9B76-E845B0CBCAEB}.Release|Any CPU.Build.0 = Release|Any CPU
		{52F34AEA-4F62-4ABC-9B76-E845B0CBCAEB}.Release|x64.ActiveCfg = Release|Any CPU
		{52F34AEA-4F62-4ABC-9B76-E845B0CBCAEB}.Release|x64.Build.0 = Release|Any CPU
		{52F34AEA-4F62-4ABC-9B76-E845B0CBCAEB}.Release|x86.ActiveCfg = Release|Any CPU
		{52F34AEA-4F62-4ABC-9B76-E845B0CBCAEB}.Release|x86.Build.0 = Release|Any CPU
		{23CC95C3-FAC2-4F32-8562-BCE31F4F0292}.Debug|Any CPU.ActiveCfg = Debug|Any CPU
		{23CC95C3-FAC2-4F32-8562-BCE31F4F0292}.Debug|Any CPU.Build.0 = Debug|Any CPU
		{23CC95C3-FAC2-4F32-8562-BCE31F4F0292}.Debug|x64.ActiveCfg = Debug|Any CPU
		{23CC95C3-FAC2-4F32-8562-BCE31F4F0292}.Debug|x64.Build.0 = Debug|Any CPU
		{23CC95C3-FAC2-4F32-8562-BCE31F4F0292}.Debug|x86.ActiveCfg = Debug|Any CPU
		{23CC95C3-FAC2-4F32-8562-BCE31F4F0292}.Debug|x86.Build.0 = Debug|Any CPU
		{23CC95C3-FAC2-4F32-8562-BCE31F4F0292}.Release Debug|Any CPU.ActiveCfg = Release|Any CPU
		{23CC95C3-FAC2-4F32-8562-BCE31F4F0292}.Release Debug|Any CPU.Build.0 = Release|Any CPU
		{23CC95C3-FAC2-4F32-8562-BCE31F4F0292}.Release Debug|x64.ActiveCfg = Release|Any CPU
		{23CC95C3-FAC2-4F32-8562-BCE31F4F0292}.Release Debug|x64.Build.0 = Release|Any CPU
		{23CC95C3-FAC2-4F32-8562-BCE31F4F0292}.Release Debug|x86.ActiveCfg = Release|Any CPU
		{23CC95C3-FAC2-4F32-8562-BCE31F4F0292}.Release Debug|x86.Build.0 = Release|Any CPU
		{23CC95C3-FAC2-4F32-8562-BCE31F4F0292}.Release|Any CPU.ActiveCfg = Release|Any CPU
		{23CC95C3-FAC2-4F32-8562-BCE31F4F0292}.Release|Any CPU.Build.0 = Release|Any CPU
		{23CC95C3-FAC2-4F32-8562-BCE31F4F0292}.Release|x64.ActiveCfg = Release|Any CPU
		{23CC95C3-FAC2-4F32-8562-BCE31F4F0292}.Release|x64.Build.0 = Release|Any CPU
		{23CC95C3-FAC2-4F32-8562-BCE31F4F0292}.Release|x86.ActiveCfg = Release|Any CPU
		{23CC95C3-FAC2-4F32-8562-BCE31F4F0292}.Release|x86.Build.0 = Release|Any CPU
		{244084B6-B422-4796-9D6F-FD6BC7C23733}.Debug|Any CPU.ActiveCfg = Debug|Any CPU
		{244084B6-B422-4796-9D6F-FD6BC7C23733}.Debug|Any CPU.Build.0 = Debug|Any CPU
		{244084B6-B422-4796-9D6F-FD6BC7C23733}.Debug|x64.ActiveCfg = Debug|Any CPU
		{244084B6-B422-4796-9D6F-FD6BC7C23733}.Debug|x64.Build.0 = Debug|Any CPU
		{244084B6-B422-4796-9D6F-FD6BC7C23733}.Debug|x86.ActiveCfg = Debug|Any CPU
		{244084B6-B422-4796-9D6F-FD6BC7C23733}.Debug|x86.Build.0 = Debug|Any CPU
		{244084B6-B422-4796-9D6F-FD6BC7C23733}.Release Debug|Any CPU.ActiveCfg = Release|Any CPU
		{244084B6-B422-4796-9D6F-FD6BC7C23733}.Release Debug|Any CPU.Build.0 = Release|Any CPU
		{244084B6-B422-4796-9D6F-FD6BC7C23733}.Release Debug|x64.ActiveCfg = Release|Any CPU
		{244084B6-B422-4796-9D6F-FD6BC7C23733}.Release Debug|x64.Build.0 = Release|Any CPU
		{244084B6-B422-4796-9D6F-FD6BC7C23733}.Release Debug|x86.ActiveCfg = Release|Any CPU
		{244084B6-B422-4796-9D6F-FD6BC7C23733}.Release Debug|x86.Build.0 = Release|Any CPU
		{244084B6-B422-4796-9D6F-FD6BC7C23733}.Release|Any CPU.ActiveCfg = Release|Any CPU
		{244084B6-B422-4796-9D6F-FD6BC7C23733}.Release|Any CPU.Build.0 = Release|Any CPU
		{244084B6-B422-4796-9D6F-FD6BC7C23733}.Release|x64.ActiveCfg = Release|Any CPU
		{244084B6-B422-4796-9D6F-FD6BC7C23733}.Release|x64.Build.0 = Release|Any CPU
		{244084B6-B422-4796-9D6F-FD6BC7C23733}.Release|x86.ActiveCfg = Release|Any CPU
		{244084B6-B422-4796-9D6F-FD6BC7C23733}.Release|x86.Build.0 = Release|Any CPU
		{B3BF6CC0-5796-49A7-9351-E69C1C255857}.Debug|Any CPU.ActiveCfg = Debug|Any CPU
		{B3BF6CC0-5796-49A7-9351-E69C1C255857}.Debug|Any CPU.Build.0 = Debug|Any CPU
		{B3BF6CC0-5796-49A7-9351-E69C1C255857}.Debug|x64.ActiveCfg = Debug|Any CPU
		{B3BF6CC0-5796-49A7-9351-E69C1C255857}.Debug|x64.Build.0 = Debug|Any CPU
		{B3BF6CC0-5796-49A7-9351-E69C1C255857}.Debug|x86.ActiveCfg = Debug|Any CPU
		{B3BF6CC0-5796-49A7-9351-E69C1C255857}.Debug|x86.Build.0 = Debug|Any CPU
		{B3BF6CC0-5796-49A7-9351-E69C1C255857}.Release Debug|Any CPU.ActiveCfg = Release|Any CPU
		{B3BF6CC0-5796-49A7-9351-E69C1C255857}.Release Debug|Any CPU.Build.0 = Release|Any CPU
		{B3BF6CC0-5796-49A7-9351-E69C1C255857}.Release Debug|x64.ActiveCfg = Release|Any CPU
		{B3BF6CC0-5796-49A7-9351-E69C1C255857}.Release Debug|x64.Build.0 = Release|Any CPU
		{B3BF6CC0-5796-49A7-9351-E69C1C255857}.Release Debug|x86.ActiveCfg = Release|Any CPU
		{B3BF6CC0-5796-49A7-9351-E69C1C255857}.Release Debug|x86.Build.0 = Release|Any CPU
		{B3BF6CC0-5796-49A7-9351-E69C1C255857}.Release|Any CPU.ActiveCfg = Release|Any CPU
		{B3BF6CC0-5796-49A7-9351-E69C1C255857}.Release|Any CPU.Build.0 = Release|Any CPU
		{B3BF6CC0-5796-49A7-9351-E69C1C255857}.Release|x64.ActiveCfg = Release|Any CPU
		{B3BF6CC0-5796-49A7-9351-E69C1C255857}.Release|x64.Build.0 = Release|Any CPU
		{B3BF6CC0-5796-49A7-9351-E69C1C255857}.Release|x86.ActiveCfg = Release|Any CPU
		{B3BF6CC0-5796-49A7-9351-E69C1C255857}.Release|x86.Build.0 = Release|Any CPU
		{26103962-BA62-4136-A489-A460E8F78F79}.Debug|Any CPU.ActiveCfg = Debug|Any CPU
		{26103962-BA62-4136-A489-A460E8F78F79}.Debug|Any CPU.Build.0 = Debug|Any CPU
		{26103962-BA62-4136-A489-A460E8F78F79}.Debug|x64.ActiveCfg = Debug|Any CPU
		{26103962-BA62-4136-A489-A460E8F78F79}.Debug|x64.Build.0 = Debug|Any CPU
		{26103962-BA62-4136-A489-A460E8F78F79}.Debug|x86.ActiveCfg = Debug|Any CPU
		{26103962-BA62-4136-A489-A460E8F78F79}.Debug|x86.Build.0 = Debug|Any CPU
		{26103962-BA62-4136-A489-A460E8F78F79}.Release Debug|Any CPU.ActiveCfg = Release|Any CPU
		{26103962-BA62-4136-A489-A460E8F78F79}.Release Debug|Any CPU.Build.0 = Release|Any CPU
		{26103962-BA62-4136-A489-A460E8F78F79}.Release Debug|x64.ActiveCfg = Release|Any CPU
		{26103962-BA62-4136-A489-A460E8F78F79}.Release Debug|x64.Build.0 = Release|Any CPU
		{26103962-BA62-4136-A489-A460E8F78F79}.Release Debug|x86.ActiveCfg = Release|Any CPU
		{26103962-BA62-4136-A489-A460E8F78F79}.Release Debug|x86.Build.0 = Release|Any CPU
		{26103962-BA62-4136-A489-A460E8F78F79}.Release|Any CPU.ActiveCfg = Release|Any CPU
		{26103962-BA62-4136-A489-A460E8F78F79}.Release|Any CPU.Build.0 = Release|Any CPU
		{26103962-BA62-4136-A489-A460E8F78F79}.Release|x64.ActiveCfg = Release|Any CPU
		{26103962-BA62-4136-A489-A460E8F78F79}.Release|x64.Build.0 = Release|Any CPU
		{26103962-BA62-4136-A489-A460E8F78F79}.Release|x86.ActiveCfg = Release|Any CPU
		{26103962-BA62-4136-A489-A460E8F78F79}.Release|x86.Build.0 = Release|Any CPU
		{D129789C-3096-4D0B-8DD7-FE24A4DF4B21}.Debug|Any CPU.ActiveCfg = Debug|Any CPU
		{D129789C-3096-4D0B-8DD7-FE24A4DF4B21}.Debug|Any CPU.Build.0 = Debug|Any CPU
		{D129789C-3096-4D0B-8DD7-FE24A4DF4B21}.Debug|x64.ActiveCfg = Debug|Any CPU
		{D129789C-3096-4D0B-8DD7-FE24A4DF4B21}.Debug|x64.Build.0 = Debug|Any CPU
		{D129789C-3096-4D0B-8DD7-FE24A4DF4B21}.Debug|x86.ActiveCfg = Debug|Any CPU
		{D129789C-3096-4D0B-8DD7-FE24A4DF4B21}.Debug|x86.Build.0 = Debug|Any CPU
		{D129789C-3096-4D0B-8DD7-FE24A4DF4B21}.Release Debug|Any CPU.ActiveCfg = Release|Any CPU
		{D129789C-3096-4D0B-8DD7-FE24A4DF4B21}.Release Debug|Any CPU.Build.0 = Release|Any CPU
		{D129789C-3096-4D0B-8DD7-FE24A4DF4B21}.Release Debug|x64.ActiveCfg = Release|Any CPU
		{D129789C-3096-4D0B-8DD7-FE24A4DF4B21}.Release Debug|x64.Build.0 = Release|Any CPU
		{D129789C-3096-4D0B-8DD7-FE24A4DF4B21}.Release Debug|x86.ActiveCfg = Release|Any CPU
		{D129789C-3096-4D0B-8DD7-FE24A4DF4B21}.Release Debug|x86.Build.0 = Release|Any CPU
		{D129789C-3096-4D0B-8DD7-FE24A4DF4B21}.Release|Any CPU.ActiveCfg = Release|Any CPU
		{D129789C-3096-4D0B-8DD7-FE24A4DF4B21}.Release|Any CPU.Build.0 = Release|Any CPU
		{D129789C-3096-4D0B-8DD7-FE24A4DF4B21}.Release|x64.ActiveCfg = Release|Any CPU
		{D129789C-3096-4D0B-8DD7-FE24A4DF4B21}.Release|x64.Build.0 = Release|Any CPU
		{D129789C-3096-4D0B-8DD7-FE24A4DF4B21}.Release|x86.ActiveCfg = Release|Any CPU
		{D129789C-3096-4D0B-8DD7-FE24A4DF4B21}.Release|x86.Build.0 = Release|Any CPU
		{597FB804-1FF0-46B8-B342-D71C8D51B35A}.Debug|Any CPU.ActiveCfg = Debug|Any CPU
		{597FB804-1FF0-46B8-B342-D71C8D51B35A}.Debug|Any CPU.Build.0 = Debug|Any CPU
		{597FB804-1FF0-46B8-B342-D71C8D51B35A}.Debug|x64.ActiveCfg = Debug|Any CPU
		{597FB804-1FF0-46B8-B342-D71C8D51B35A}.Debug|x64.Build.0 = Debug|Any CPU
		{597FB804-1FF0-46B8-B342-D71C8D51B35A}.Debug|x86.ActiveCfg = Debug|Any CPU
		{597FB804-1FF0-46B8-B342-D71C8D51B35A}.Debug|x86.Build.0 = Debug|Any CPU
		{597FB804-1FF0-46B8-B342-D71C8D51B35A}.Release Debug|Any CPU.ActiveCfg = Release|Any CPU
		{597FB804-1FF0-46B8-B342-D71C8D51B35A}.Release Debug|Any CPU.Build.0 = Release|Any CPU
		{597FB804-1FF0-46B8-B342-D71C8D51B35A}.Release Debug|x64.ActiveCfg = Release|Any CPU
		{597FB804-1FF0-46B8-B342-D71C8D51B35A}.Release Debug|x64.Build.0 = Release|Any CPU
		{597FB804-1FF0-46B8-B342-D71C8D51B35A}.Release Debug|x86.ActiveCfg = Release|Any CPU
		{597FB804-1FF0-46B8-B342-D71C8D51B35A}.Release Debug|x86.Build.0 = Release|Any CPU
		{597FB804-1FF0-46B8-B342-D71C8D51B35A}.Release|Any CPU.ActiveCfg = Release|Any CPU
		{597FB804-1FF0-46B8-B342-D71C8D51B35A}.Release|Any CPU.Build.0 = Release|Any CPU
		{597FB804-1FF0-46B8-B342-D71C8D51B35A}.Release|x64.ActiveCfg = Release|Any CPU
		{597FB804-1FF0-46B8-B342-D71C8D51B35A}.Release|x64.Build.0 = Release|Any CPU
		{597FB804-1FF0-46B8-B342-D71C8D51B35A}.Release|x86.ActiveCfg = Release|Any CPU
		{597FB804-1FF0-46B8-B342-D71C8D51B35A}.Release|x86.Build.0 = Release|Any CPU
		{61B20382-2628-4866-8EB2-19B551C67ACF}.Debug|Any CPU.ActiveCfg = Debug|Any CPU
		{61B20382-2628-4866-8EB2-19B551C67ACF}.Debug|Any CPU.Build.0 = Debug|Any CPU
		{61B20382-2628-4866-8EB2-19B551C67ACF}.Debug|x64.ActiveCfg = Debug|Any CPU
		{61B20382-2628-4866-8EB2-19B551C67ACF}.Debug|x64.Build.0 = Debug|Any CPU
		{61B20382-2628-4866-8EB2-19B551C67ACF}.Debug|x86.ActiveCfg = Debug|Any CPU
		{61B20382-2628-4866-8EB2-19B551C67ACF}.Debug|x86.Build.0 = Debug|Any CPU
		{61B20382-2628-4866-8EB2-19B551C67ACF}.Release Debug|Any CPU.ActiveCfg = Release|Any CPU
		{61B20382-2628-4866-8EB2-19B551C67ACF}.Release Debug|Any CPU.Build.0 = Release|Any CPU
		{61B20382-2628-4866-8EB2-19B551C67ACF}.Release Debug|x64.ActiveCfg = Release|Any CPU
		{61B20382-2628-4866-8EB2-19B551C67ACF}.Release Debug|x64.Build.0 = Release|Any CPU
		{61B20382-2628-4866-8EB2-19B551C67ACF}.Release Debug|x86.ActiveCfg = Release|Any CPU
		{61B20382-2628-4866-8EB2-19B551C67ACF}.Release Debug|x86.Build.0 = Release|Any CPU
		{61B20382-2628-4866-8EB2-19B551C67ACF}.Release|Any CPU.ActiveCfg = Release|Any CPU
		{61B20382-2628-4866-8EB2-19B551C67ACF}.Release|Any CPU.Build.0 = Release|Any CPU
		{61B20382-2628-4866-8EB2-19B551C67ACF}.Release|x64.ActiveCfg = Release|Any CPU
		{61B20382-2628-4866-8EB2-19B551C67ACF}.Release|x64.Build.0 = Release|Any CPU
		{61B20382-2628-4866-8EB2-19B551C67ACF}.Release|x86.ActiveCfg = Release|Any CPU
		{61B20382-2628-4866-8EB2-19B551C67ACF}.Release|x86.Build.0 = Release|Any CPU
		{EE886EC8-A094-4A50-830C-C69AD3D70F54}.Debug|Any CPU.ActiveCfg = Debug|Any CPU
		{EE886EC8-A094-4A50-830C-C69AD3D70F54}.Debug|Any CPU.Build.0 = Debug|Any CPU
		{EE886EC8-A094-4A50-830C-C69AD3D70F54}.Debug|x64.ActiveCfg = Debug|Any CPU
		{EE886EC8-A094-4A50-830C-C69AD3D70F54}.Debug|x64.Build.0 = Debug|Any CPU
		{EE886EC8-A094-4A50-830C-C69AD3D70F54}.Debug|x86.ActiveCfg = Debug|Any CPU
		{EE886EC8-A094-4A50-830C-C69AD3D70F54}.Debug|x86.Build.0 = Debug|Any CPU
		{EE886EC8-A094-4A50-830C-C69AD3D70F54}.Release Debug|Any CPU.ActiveCfg = Release|Any CPU
		{EE886EC8-A094-4A50-830C-C69AD3D70F54}.Release Debug|Any CPU.Build.0 = Release|Any CPU
		{EE886EC8-A094-4A50-830C-C69AD3D70F54}.Release Debug|x64.ActiveCfg = Release|Any CPU
		{EE886EC8-A094-4A50-830C-C69AD3D70F54}.Release Debug|x64.Build.0 = Release|Any CPU
		{EE886EC8-A094-4A50-830C-C69AD3D70F54}.Release Debug|x86.ActiveCfg = Release|Any CPU
		{EE886EC8-A094-4A50-830C-C69AD3D70F54}.Release Debug|x86.Build.0 = Release|Any CPU
		{EE886EC8-A094-4A50-830C-C69AD3D70F54}.Release|Any CPU.ActiveCfg = Release|Any CPU
		{EE886EC8-A094-4A50-830C-C69AD3D70F54}.Release|Any CPU.Build.0 = Release|Any CPU
		{EE886EC8-A094-4A50-830C-C69AD3D70F54}.Release|x64.ActiveCfg = Release|Any CPU
		{EE886EC8-A094-4A50-830C-C69AD3D70F54}.Release|x64.Build.0 = Release|Any CPU
		{EE886EC8-A094-4A50-830C-C69AD3D70F54}.Release|x86.ActiveCfg = Release|Any CPU
		{EE886EC8-A094-4A50-830C-C69AD3D70F54}.Release|x86.Build.0 = Release|Any CPU
		{9525092D-53FA-438F-85CA-FFAAD56F6956}.Debug|Any CPU.ActiveCfg = Debug|Any CPU
		{9525092D-53FA-438F-85CA-FFAAD56F6956}.Debug|Any CPU.Build.0 = Debug|Any CPU
		{9525092D-53FA-438F-85CA-FFAAD56F6956}.Debug|x64.ActiveCfg = Debug|Any CPU
		{9525092D-53FA-438F-85CA-FFAAD56F6956}.Debug|x64.Build.0 = Debug|Any CPU
		{9525092D-53FA-438F-85CA-FFAAD56F6956}.Debug|x86.ActiveCfg = Debug|Any CPU
		{9525092D-53FA-438F-85CA-FFAAD56F6956}.Debug|x86.Build.0 = Debug|Any CPU
		{9525092D-53FA-438F-85CA-FFAAD56F6956}.Release Debug|Any CPU.ActiveCfg = Release|Any CPU
		{9525092D-53FA-438F-85CA-FFAAD56F6956}.Release Debug|Any CPU.Build.0 = Release|Any CPU
		{9525092D-53FA-438F-85CA-FFAAD56F6956}.Release Debug|x64.ActiveCfg = Release|Any CPU
		{9525092D-53FA-438F-85CA-FFAAD56F6956}.Release Debug|x64.Build.0 = Release|Any CPU
		{9525092D-53FA-438F-85CA-FFAAD56F6956}.Release Debug|x86.ActiveCfg = Release|Any CPU
		{9525092D-53FA-438F-85CA-FFAAD56F6956}.Release Debug|x86.Build.0 = Release|Any CPU
		{9525092D-53FA-438F-85CA-FFAAD56F6956}.Release|Any CPU.ActiveCfg = Release|Any CPU
		{9525092D-53FA-438F-85CA-FFAAD56F6956}.Release|Any CPU.Build.0 = Release|Any CPU
		{9525092D-53FA-438F-85CA-FFAAD56F6956}.Release|x64.ActiveCfg = Release|Any CPU
		{9525092D-53FA-438F-85CA-FFAAD56F6956}.Release|x64.Build.0 = Release|Any CPU
		{9525092D-53FA-438F-85CA-FFAAD56F6956}.Release|x86.ActiveCfg = Release|Any CPU
		{9525092D-53FA-438F-85CA-FFAAD56F6956}.Release|x86.Build.0 = Release|Any CPU
		{EDFE0197-1A42-4A0B-A07D-AE13CE8EACA4}.Debug|Any CPU.ActiveCfg = Debug|Any CPU
		{EDFE0197-1A42-4A0B-A07D-AE13CE8EACA4}.Debug|Any CPU.Build.0 = Debug|Any CPU
		{EDFE0197-1A42-4A0B-A07D-AE13CE8EACA4}.Debug|x64.ActiveCfg = Debug|Any CPU
		{EDFE0197-1A42-4A0B-A07D-AE13CE8EACA4}.Debug|x64.Build.0 = Debug|Any CPU
		{EDFE0197-1A42-4A0B-A07D-AE13CE8EACA4}.Debug|x86.ActiveCfg = Debug|Any CPU
		{EDFE0197-1A42-4A0B-A07D-AE13CE8EACA4}.Debug|x86.Build.0 = Debug|Any CPU
		{EDFE0197-1A42-4A0B-A07D-AE13CE8EACA4}.Release Debug|Any CPU.ActiveCfg = Release|Any CPU
		{EDFE0197-1A42-4A0B-A07D-AE13CE8EACA4}.Release Debug|Any CPU.Build.0 = Release|Any CPU
		{EDFE0197-1A42-4A0B-A07D-AE13CE8EACA4}.Release Debug|x64.ActiveCfg = Release|Any CPU
		{EDFE0197-1A42-4A0B-A07D-AE13CE8EACA4}.Release Debug|x64.Build.0 = Release|Any CPU
		{EDFE0197-1A42-4A0B-A07D-AE13CE8EACA4}.Release Debug|x86.ActiveCfg = Release|Any CPU
		{EDFE0197-1A42-4A0B-A07D-AE13CE8EACA4}.Release Debug|x86.Build.0 = Release|Any CPU
		{EDFE0197-1A42-4A0B-A07D-AE13CE8EACA4}.Release|Any CPU.ActiveCfg = Release|Any CPU
		{EDFE0197-1A42-4A0B-A07D-AE13CE8EACA4}.Release|Any CPU.Build.0 = Release|Any CPU
		{EDFE0197-1A42-4A0B-A07D-AE13CE8EACA4}.Release|x64.ActiveCfg = Release|Any CPU
		{EDFE0197-1A42-4A0B-A07D-AE13CE8EACA4}.Release|x64.Build.0 = Release|Any CPU
		{EDFE0197-1A42-4A0B-A07D-AE13CE8EACA4}.Release|x86.ActiveCfg = Release|Any CPU
		{EDFE0197-1A42-4A0B-A07D-AE13CE8EACA4}.Release|x86.Build.0 = Release|Any CPU
		{4DBEE1B0-5036-4C62-AF18-1F12C2512E3D}.Debug|Any CPU.ActiveCfg = Debug|Any CPU
		{4DBEE1B0-5036-4C62-AF18-1F12C2512E3D}.Debug|Any CPU.Build.0 = Debug|Any CPU
		{4DBEE1B0-5036-4C62-AF18-1F12C2512E3D}.Debug|x64.ActiveCfg = Debug|Any CPU
		{4DBEE1B0-5036-4C62-AF18-1F12C2512E3D}.Debug|x64.Build.0 = Debug|Any CPU
		{4DBEE1B0-5036-4C62-AF18-1F12C2512E3D}.Debug|x86.ActiveCfg = Debug|Any CPU
		{4DBEE1B0-5036-4C62-AF18-1F12C2512E3D}.Debug|x86.Build.0 = Debug|Any CPU
		{4DBEE1B0-5036-4C62-AF18-1F12C2512E3D}.Release Debug|Any CPU.ActiveCfg = Release|Any CPU
		{4DBEE1B0-5036-4C62-AF18-1F12C2512E3D}.Release Debug|Any CPU.Build.0 = Release|Any CPU
		{4DBEE1B0-5036-4C62-AF18-1F12C2512E3D}.Release Debug|x64.ActiveCfg = Release|Any CPU
		{4DBEE1B0-5036-4C62-AF18-1F12C2512E3D}.Release Debug|x64.Build.0 = Release|Any CPU
		{4DBEE1B0-5036-4C62-AF18-1F12C2512E3D}.Release Debug|x86.ActiveCfg = Release|Any CPU
		{4DBEE1B0-5036-4C62-AF18-1F12C2512E3D}.Release Debug|x86.Build.0 = Release|Any CPU
		{4DBEE1B0-5036-4C62-AF18-1F12C2512E3D}.Release|Any CPU.ActiveCfg = Release|Any CPU
		{4DBEE1B0-5036-4C62-AF18-1F12C2512E3D}.Release|Any CPU.Build.0 = Release|Any CPU
		{4DBEE1B0-5036-4C62-AF18-1F12C2512E3D}.Release|x64.ActiveCfg = Release|Any CPU
		{4DBEE1B0-5036-4C62-AF18-1F12C2512E3D}.Release|x64.Build.0 = Release|Any CPU
		{4DBEE1B0-5036-4C62-AF18-1F12C2512E3D}.Release|x86.ActiveCfg = Release|Any CPU
		{4DBEE1B0-5036-4C62-AF18-1F12C2512E3D}.Release|x86.Build.0 = Release|Any CPU
		{7FA6AFCB-89AC-44FC-9840-C062C7FFDAD7}.Debug|Any CPU.ActiveCfg = Debug|Any CPU
		{7FA6AFCB-89AC-44FC-9840-C062C7FFDAD7}.Debug|Any CPU.Build.0 = Debug|Any CPU
		{7FA6AFCB-89AC-44FC-9840-C062C7FFDAD7}.Debug|x64.ActiveCfg = Debug|Any CPU
		{7FA6AFCB-89AC-44FC-9840-C062C7FFDAD7}.Debug|x64.Build.0 = Debug|Any CPU
		{7FA6AFCB-89AC-44FC-9840-C062C7FFDAD7}.Debug|x86.ActiveCfg = Debug|Any CPU
		{7FA6AFCB-89AC-44FC-9840-C062C7FFDAD7}.Debug|x86.Build.0 = Debug|Any CPU
		{7FA6AFCB-89AC-44FC-9840-C062C7FFDAD7}.Release Debug|Any CPU.ActiveCfg = Release|Any CPU
		{7FA6AFCB-89AC-44FC-9840-C062C7FFDAD7}.Release Debug|Any CPU.Build.0 = Release|Any CPU
		{7FA6AFCB-89AC-44FC-9840-C062C7FFDAD7}.Release Debug|x64.ActiveCfg = Release|Any CPU
		{7FA6AFCB-89AC-44FC-9840-C062C7FFDAD7}.Release Debug|x64.Build.0 = Release|Any CPU
		{7FA6AFCB-89AC-44FC-9840-C062C7FFDAD7}.Release Debug|x86.ActiveCfg = Release|Any CPU
		{7FA6AFCB-89AC-44FC-9840-C062C7FFDAD7}.Release Debug|x86.Build.0 = Release|Any CPU
		{7FA6AFCB-89AC-44FC-9840-C062C7FFDAD7}.Release|Any CPU.ActiveCfg = Release|Any CPU
		{7FA6AFCB-89AC-44FC-9840-C062C7FFDAD7}.Release|Any CPU.Build.0 = Release|Any CPU
		{7FA6AFCB-89AC-44FC-9840-C062C7FFDAD7}.Release|x64.ActiveCfg = Release|Any CPU
		{7FA6AFCB-89AC-44FC-9840-C062C7FFDAD7}.Release|x64.Build.0 = Release|Any CPU
		{7FA6AFCB-89AC-44FC-9840-C062C7FFDAD7}.Release|x86.ActiveCfg = Release|Any CPU
		{7FA6AFCB-89AC-44FC-9840-C062C7FFDAD7}.Release|x86.Build.0 = Release|Any CPU
		{34954483-8FD2-40DB-822D-220FA08105DC}.Debug|Any CPU.ActiveCfg = Debug|Any CPU
		{34954483-8FD2-40DB-822D-220FA08105DC}.Debug|Any CPU.Build.0 = Debug|Any CPU
		{34954483-8FD2-40DB-822D-220FA08105DC}.Debug|x64.ActiveCfg = Debug|Any CPU
		{34954483-8FD2-40DB-822D-220FA08105DC}.Debug|x64.Build.0 = Debug|Any CPU
		{34954483-8FD2-40DB-822D-220FA08105DC}.Debug|x86.ActiveCfg = Debug|Any CPU
		{34954483-8FD2-40DB-822D-220FA08105DC}.Debug|x86.Build.0 = Debug|Any CPU
		{34954483-8FD2-40DB-822D-220FA08105DC}.Release Debug|Any CPU.ActiveCfg = Release|Any CPU
		{34954483-8FD2-40DB-822D-220FA08105DC}.Release Debug|Any CPU.Build.0 = Release|Any CPU
		{34954483-8FD2-40DB-822D-220FA08105DC}.Release Debug|x64.ActiveCfg = Release|Any CPU
		{34954483-8FD2-40DB-822D-220FA08105DC}.Release Debug|x64.Build.0 = Release|Any CPU
		{34954483-8FD2-40DB-822D-220FA08105DC}.Release Debug|x86.ActiveCfg = Release|Any CPU
		{34954483-8FD2-40DB-822D-220FA08105DC}.Release Debug|x86.Build.0 = Release|Any CPU
		{34954483-8FD2-40DB-822D-220FA08105DC}.Release|Any CPU.ActiveCfg = Release|Any CPU
		{34954483-8FD2-40DB-822D-220FA08105DC}.Release|Any CPU.Build.0 = Release|Any CPU
		{34954483-8FD2-40DB-822D-220FA08105DC}.Release|x64.ActiveCfg = Release|Any CPU
		{34954483-8FD2-40DB-822D-220FA08105DC}.Release|x64.Build.0 = Release|Any CPU
		{34954483-8FD2-40DB-822D-220FA08105DC}.Release|x86.ActiveCfg = Release|Any CPU
		{34954483-8FD2-40DB-822D-220FA08105DC}.Release|x86.Build.0 = Release|Any CPU
		{53F93173-97B8-440C-8BCE-7359E967764A}.Debug|Any CPU.ActiveCfg = Debug|Any CPU
		{53F93173-97B8-440C-8BCE-7359E967764A}.Debug|Any CPU.Build.0 = Debug|Any CPU
		{53F93173-97B8-440C-8BCE-7359E967764A}.Debug|x64.ActiveCfg = Debug|Any CPU
		{53F93173-97B8-440C-8BCE-7359E967764A}.Debug|x64.Build.0 = Debug|Any CPU
		{53F93173-97B8-440C-8BCE-7359E967764A}.Debug|x86.ActiveCfg = Debug|Any CPU
		{53F93173-97B8-440C-8BCE-7359E967764A}.Debug|x86.Build.0 = Debug|Any CPU
		{53F93173-97B8-440C-8BCE-7359E967764A}.Release Debug|Any CPU.ActiveCfg = Release|Any CPU
		{53F93173-97B8-440C-8BCE-7359E967764A}.Release Debug|Any CPU.Build.0 = Release|Any CPU
		{53F93173-97B8-440C-8BCE-7359E967764A}.Release Debug|x64.ActiveCfg = Release|Any CPU
		{53F93173-97B8-440C-8BCE-7359E967764A}.Release Debug|x64.Build.0 = Release|Any CPU
		{53F93173-97B8-440C-8BCE-7359E967764A}.Release Debug|x86.ActiveCfg = Release|Any CPU
		{53F93173-97B8-440C-8BCE-7359E967764A}.Release Debug|x86.Build.0 = Release|Any CPU
		{53F93173-97B8-440C-8BCE-7359E967764A}.Release|Any CPU.ActiveCfg = Release|Any CPU
		{53F93173-97B8-440C-8BCE-7359E967764A}.Release|Any CPU.Build.0 = Release|Any CPU
		{53F93173-97B8-440C-8BCE-7359E967764A}.Release|x64.ActiveCfg = Release|Any CPU
		{53F93173-97B8-440C-8BCE-7359E967764A}.Release|x64.Build.0 = Release|Any CPU
		{53F93173-97B8-440C-8BCE-7359E967764A}.Release|x86.ActiveCfg = Release|Any CPU
		{53F93173-97B8-440C-8BCE-7359E967764A}.Release|x86.Build.0 = Release|Any CPU
		{010183DD-FF1E-437D-90EC-426496093EFF}.Debug|Any CPU.ActiveCfg = Debug|Any CPU
		{010183DD-FF1E-437D-90EC-426496093EFF}.Debug|Any CPU.Build.0 = Debug|Any CPU
		{010183DD-FF1E-437D-90EC-426496093EFF}.Debug|x64.ActiveCfg = Debug|Any CPU
		{010183DD-FF1E-437D-90EC-426496093EFF}.Debug|x64.Build.0 = Debug|Any CPU
		{010183DD-FF1E-437D-90EC-426496093EFF}.Debug|x86.ActiveCfg = Debug|Any CPU
		{010183DD-FF1E-437D-90EC-426496093EFF}.Debug|x86.Build.0 = Debug|Any CPU
		{010183DD-FF1E-437D-90EC-426496093EFF}.Release Debug|Any CPU.ActiveCfg = Release|Any CPU
		{010183DD-FF1E-437D-90EC-426496093EFF}.Release Debug|Any CPU.Build.0 = Release|Any CPU
		{010183DD-FF1E-437D-90EC-426496093EFF}.Release Debug|x64.ActiveCfg = Release|Any CPU
		{010183DD-FF1E-437D-90EC-426496093EFF}.Release Debug|x64.Build.0 = Release|Any CPU
		{010183DD-FF1E-437D-90EC-426496093EFF}.Release Debug|x86.ActiveCfg = Release|Any CPU
		{010183DD-FF1E-437D-90EC-426496093EFF}.Release Debug|x86.Build.0 = Release|Any CPU
		{010183DD-FF1E-437D-90EC-426496093EFF}.Release|Any CPU.ActiveCfg = Release|Any CPU
		{010183DD-FF1E-437D-90EC-426496093EFF}.Release|Any CPU.Build.0 = Release|Any CPU
		{010183DD-FF1E-437D-90EC-426496093EFF}.Release|x64.ActiveCfg = Release|Any CPU
		{010183DD-FF1E-437D-90EC-426496093EFF}.Release|x64.Build.0 = Release|Any CPU
		{010183DD-FF1E-437D-90EC-426496093EFF}.Release|x86.ActiveCfg = Release|Any CPU
		{010183DD-FF1E-437D-90EC-426496093EFF}.Release|x86.Build.0 = Release|Any CPU
		{F86A33C7-4440-4E61-9B5A-7E3870EA02D4}.Debug|Any CPU.ActiveCfg = Debug|Any CPU
		{F86A33C7-4440-4E61-9B5A-7E3870EA02D4}.Debug|Any CPU.Build.0 = Debug|Any CPU
		{F86A33C7-4440-4E61-9B5A-7E3870EA02D4}.Debug|x64.ActiveCfg = Debug|Any CPU
		{F86A33C7-4440-4E61-9B5A-7E3870EA02D4}.Debug|x64.Build.0 = Debug|Any CPU
		{F86A33C7-4440-4E61-9B5A-7E3870EA02D4}.Debug|x86.ActiveCfg = Debug|Any CPU
		{F86A33C7-4440-4E61-9B5A-7E3870EA02D4}.Debug|x86.Build.0 = Debug|Any CPU
		{F86A33C7-4440-4E61-9B5A-7E3870EA02D4}.Release Debug|Any CPU.ActiveCfg = Release|Any CPU
		{F86A33C7-4440-4E61-9B5A-7E3870EA02D4}.Release Debug|Any CPU.Build.0 = Release|Any CPU
		{F86A33C7-4440-4E61-9B5A-7E3870EA02D4}.Release Debug|x64.ActiveCfg = Release|Any CPU
		{F86A33C7-4440-4E61-9B5A-7E3870EA02D4}.Release Debug|x64.Build.0 = Release|Any CPU
		{F86A33C7-4440-4E61-9B5A-7E3870EA02D4}.Release Debug|x86.ActiveCfg = Release|Any CPU
		{F86A33C7-4440-4E61-9B5A-7E3870EA02D4}.Release Debug|x86.Build.0 = Release|Any CPU
		{F86A33C7-4440-4E61-9B5A-7E3870EA02D4}.Release|Any CPU.ActiveCfg = Release|Any CPU
		{F86A33C7-4440-4E61-9B5A-7E3870EA02D4}.Release|Any CPU.Build.0 = Release|Any CPU
		{F86A33C7-4440-4E61-9B5A-7E3870EA02D4}.Release|x64.ActiveCfg = Release|Any CPU
		{F86A33C7-4440-4E61-9B5A-7E3870EA02D4}.Release|x64.Build.0 = Release|Any CPU
		{F86A33C7-4440-4E61-9B5A-7E3870EA02D4}.Release|x86.ActiveCfg = Release|Any CPU
		{F86A33C7-4440-4E61-9B5A-7E3870EA02D4}.Release|x86.Build.0 = Release|Any CPU
		{AE266E50-55C6-4614-ABF4-75846E664615}.Debug|Any CPU.ActiveCfg = Debug|Any CPU
		{AE266E50-55C6-4614-ABF4-75846E664615}.Debug|Any CPU.Build.0 = Debug|Any CPU
		{AE266E50-55C6-4614-ABF4-75846E664615}.Debug|x64.ActiveCfg = Debug|Any CPU
		{AE266E50-55C6-4614-ABF4-75846E664615}.Debug|x64.Build.0 = Debug|Any CPU
		{AE266E50-55C6-4614-ABF4-75846E664615}.Debug|x86.ActiveCfg = Debug|Any CPU
		{AE266E50-55C6-4614-ABF4-75846E664615}.Debug|x86.Build.0 = Debug|Any CPU
		{AE266E50-55C6-4614-ABF4-75846E664615}.Release Debug|Any CPU.ActiveCfg = Release|Any CPU
		{AE266E50-55C6-4614-ABF4-75846E664615}.Release Debug|Any CPU.Build.0 = Release|Any CPU
		{AE266E50-55C6-4614-ABF4-75846E664615}.Release Debug|x64.ActiveCfg = Release|Any CPU
		{AE266E50-55C6-4614-ABF4-75846E664615}.Release Debug|x64.Build.0 = Release|Any CPU
		{AE266E50-55C6-4614-ABF4-75846E664615}.Release Debug|x86.ActiveCfg = Release|Any CPU
		{AE266E50-55C6-4614-ABF4-75846E664615}.Release Debug|x86.Build.0 = Release|Any CPU
		{AE266E50-55C6-4614-ABF4-75846E664615}.Release|Any CPU.ActiveCfg = Release|Any CPU
		{AE266E50-55C6-4614-ABF4-75846E664615}.Release|Any CPU.Build.0 = Release|Any CPU
		{AE266E50-55C6-4614-ABF4-75846E664615}.Release|x64.ActiveCfg = Release|Any CPU
		{AE266E50-55C6-4614-ABF4-75846E664615}.Release|x64.Build.0 = Release|Any CPU
		{AE266E50-55C6-4614-ABF4-75846E664615}.Release|x86.ActiveCfg = Release|Any CPU
		{AE266E50-55C6-4614-ABF4-75846E664615}.Release|x86.Build.0 = Release|Any CPU
		{A008DDBA-DC3A-45ED-BFBD-6A646940AD30}.Debug|Any CPU.ActiveCfg = Debug|Any CPU
		{A008DDBA-DC3A-45ED-BFBD-6A646940AD30}.Debug|Any CPU.Build.0 = Debug|Any CPU
		{A008DDBA-DC3A-45ED-BFBD-6A646940AD30}.Debug|x64.ActiveCfg = Debug|Any CPU
		{A008DDBA-DC3A-45ED-BFBD-6A646940AD30}.Debug|x64.Build.0 = Debug|Any CPU
		{A008DDBA-DC3A-45ED-BFBD-6A646940AD30}.Debug|x86.ActiveCfg = Debug|Any CPU
		{A008DDBA-DC3A-45ED-BFBD-6A646940AD30}.Debug|x86.Build.0 = Debug|Any CPU
		{A008DDBA-DC3A-45ED-BFBD-6A646940AD30}.Release Debug|Any CPU.ActiveCfg = Release|Any CPU
		{A008DDBA-DC3A-45ED-BFBD-6A646940AD30}.Release Debug|Any CPU.Build.0 = Release|Any CPU
		{A008DDBA-DC3A-45ED-BFBD-6A646940AD30}.Release Debug|x64.ActiveCfg = Release|Any CPU
		{A008DDBA-DC3A-45ED-BFBD-6A646940AD30}.Release Debug|x64.Build.0 = Release|Any CPU
		{A008DDBA-DC3A-45ED-BFBD-6A646940AD30}.Release Debug|x86.ActiveCfg = Release|Any CPU
		{A008DDBA-DC3A-45ED-BFBD-6A646940AD30}.Release Debug|x86.Build.0 = Release|Any CPU
		{A008DDBA-DC3A-45ED-BFBD-6A646940AD30}.Release|Any CPU.ActiveCfg = Release|Any CPU
		{A008DDBA-DC3A-45ED-BFBD-6A646940AD30}.Release|Any CPU.Build.0 = Release|Any CPU
		{A008DDBA-DC3A-45ED-BFBD-6A646940AD30}.Release|x64.ActiveCfg = Release|Any CPU
		{A008DDBA-DC3A-45ED-BFBD-6A646940AD30}.Release|x64.Build.0 = Release|Any CPU
		{A008DDBA-DC3A-45ED-BFBD-6A646940AD30}.Release|x86.ActiveCfg = Release|Any CPU
		{A008DDBA-DC3A-45ED-BFBD-6A646940AD30}.Release|x86.Build.0 = Release|Any CPU
		{B39FDB92-7420-487E-8B44-D9BC0B88D857}.Debug|Any CPU.ActiveCfg = Debug|Any CPU
		{B39FDB92-7420-487E-8B44-D9BC0B88D857}.Debug|Any CPU.Build.0 = Debug|Any CPU
		{B39FDB92-7420-487E-8B44-D9BC0B88D857}.Debug|x64.ActiveCfg = Debug|Any CPU
		{B39FDB92-7420-487E-8B44-D9BC0B88D857}.Debug|x64.Build.0 = Debug|Any CPU
		{B39FDB92-7420-487E-8B44-D9BC0B88D857}.Debug|x86.ActiveCfg = Debug|Any CPU
		{B39FDB92-7420-487E-8B44-D9BC0B88D857}.Debug|x86.Build.0 = Debug|Any CPU
		{B39FDB92-7420-487E-8B44-D9BC0B88D857}.Release Debug|Any CPU.ActiveCfg = Release|Any CPU
		{B39FDB92-7420-487E-8B44-D9BC0B88D857}.Release Debug|Any CPU.Build.0 = Release|Any CPU
		{B39FDB92-7420-487E-8B44-D9BC0B88D857}.Release Debug|x64.ActiveCfg = Release|Any CPU
		{B39FDB92-7420-487E-8B44-D9BC0B88D857}.Release Debug|x64.Build.0 = Release|Any CPU
		{B39FDB92-7420-487E-8B44-D9BC0B88D857}.Release Debug|x86.ActiveCfg = Release|Any CPU
		{B39FDB92-7420-487E-8B44-D9BC0B88D857}.Release Debug|x86.Build.0 = Release|Any CPU
		{B39FDB92-7420-487E-8B44-D9BC0B88D857}.Release|Any CPU.ActiveCfg = Release|Any CPU
		{B39FDB92-7420-487E-8B44-D9BC0B88D857}.Release|Any CPU.Build.0 = Release|Any CPU
		{B39FDB92-7420-487E-8B44-D9BC0B88D857}.Release|x64.ActiveCfg = Release|Any CPU
		{B39FDB92-7420-487E-8B44-D9BC0B88D857}.Release|x64.Build.0 = Release|Any CPU
		{B39FDB92-7420-487E-8B44-D9BC0B88D857}.Release|x86.ActiveCfg = Release|Any CPU
		{B39FDB92-7420-487E-8B44-D9BC0B88D857}.Release|x86.Build.0 = Release|Any CPU
		{CAE69C3E-75E9-4039-AC6D-22602F438B8D}.Debug|Any CPU.ActiveCfg = Debug
		{CAE69C3E-75E9-4039-AC6D-22602F438B8D}.Debug|x64.ActiveCfg = Debug
		{CAE69C3E-75E9-4039-AC6D-22602F438B8D}.Debug|x86.ActiveCfg = Debug
		{CAE69C3E-75E9-4039-AC6D-22602F438B8D}.Release Debug|Any CPU.ActiveCfg = Release
		{CAE69C3E-75E9-4039-AC6D-22602F438B8D}.Release Debug|x64.ActiveCfg = Release
		{CAE69C3E-75E9-4039-AC6D-22602F438B8D}.Release Debug|x86.ActiveCfg = Release
		{CAE69C3E-75E9-4039-AC6D-22602F438B8D}.Release|Any CPU.ActiveCfg = Release
		{CAE69C3E-75E9-4039-AC6D-22602F438B8D}.Release|x64.ActiveCfg = Release
		{CAE69C3E-75E9-4039-AC6D-22602F438B8D}.Release|x86.ActiveCfg = Release
	EndGlobalSection
	GlobalSection(SolutionProperties) = preSolution
		HideSolutionNode = FALSE
	EndGlobalSection
	GlobalSection(NestedProjects) = preSolution
		{26103962-BA62-4136-A489-A460E8F78F79} = {A6F41848-DC0F-46C5-A392-6BD94009C3E5}
		{597FB804-1FF0-46B8-B342-D71C8D51B35A} = {3F414ABD-6A0A-469B-A2A2-CDAF54E0F5E3}
		{61B20382-2628-4866-8EB2-19B551C67ACF} = {3F414ABD-6A0A-469B-A2A2-CDAF54E0F5E3}
		{EE886EC8-A094-4A50-830C-C69AD3D70F54} = {3F414ABD-6A0A-469B-A2A2-CDAF54E0F5E3}
		{9525092D-53FA-438F-85CA-FFAAD56F6956} = {3F414ABD-6A0A-469B-A2A2-CDAF54E0F5E3}
		{EDFE0197-1A42-4A0B-A07D-AE13CE8EACA4} = {3F414ABD-6A0A-469B-A2A2-CDAF54E0F5E3}
		{4DBEE1B0-5036-4C62-AF18-1F12C2512E3D} = {3F414ABD-6A0A-469B-A2A2-CDAF54E0F5E3}
		{7FA6AFCB-89AC-44FC-9840-C062C7FFDAD7} = {3F414ABD-6A0A-469B-A2A2-CDAF54E0F5E3}
		{34954483-8FD2-40DB-822D-220FA08105DC} = {A6F41848-DC0F-46C5-A392-6BD94009C3E5}
		{53F93173-97B8-440C-8BCE-7359E967764A} = {A6F41848-DC0F-46C5-A392-6BD94009C3E5}
		{010183DD-FF1E-437D-90EC-426496093EFF} = {F4BE5C52-6DAE-4A02-8068-18CD8A44F4F8}
		{F86A33C7-4440-4E61-9B5A-7E3870EA02D4} = {3F414ABD-6A0A-469B-A2A2-CDAF54E0F5E3}
		{A008DDBA-DC3A-45ED-BFBD-6A646940AD30} = {3F414ABD-6A0A-469B-A2A2-CDAF54E0F5E3}
		{B39FDB92-7420-487E-8B44-D9BC0B88D857} = {F4BE5C52-6DAE-4A02-8068-18CD8A44F4F8}
		{CAE69C3E-75E9-4039-AC6D-22602F438B8D} = {1252A705-A8FB-462F-9F42-EB57235B6D3D}
	EndGlobalSection
	GlobalSection(ExtensibilityGlobals) = postSolution
		SolutionGuid = {B7DD2D94-D061-474E-8A33-7848548FD4A4}
	EndGlobalSection
	GlobalSection(Performance) = preSolution
		HasPerformanceSessions = true
	EndGlobalSection
EndGlobal
