
Microsoft Visual Studio Solution File, Format Version 12.00
# Visual Studio 15
VisualStudioVersion = 15.0.27130.2026
MinimumVisualStudioVersion = 10.0.40219.1
Project("{2150E333-8FDC-42A3-9474-1A3956D46DE8}") = "Test", "Test", "{A6F41848-DC0F-46C5-A392-6BD94009C3E5}"
EndProject
Project("{FAE04EC0-301F-11D3-BF4B-00C04F79EFBC}") = "TestApp", "TestApp\TestApp.csproj", "{2E5EA2E6-E379-44C9-AB20-62C092472BC7}"
EndProject
Project("{9A19103F-16F7-4668-BE54-9A1E7A4F7556}") = "ExCSS", "ExCSS-master\src\ExCSS\ExCSS.csproj", "{C927060F-A209-42EB-B4E6-61BF1447757F}"
EndProject
Project("{FAE04EC0-301F-11D3-BF4B-00C04F79EFBC}") = "TestWpfApp", "TestWpfApp\TestWpfApp.csproj", "{8BCBF8BD-7F45-4C9E-BBAA-ABDEA8FA7C37}"
EndProject
Project("{9A19103F-16F7-4668-BE54-9A1E7A4F7556}") = "Tauron.Application.Common", "..\..\..\..\Source\Repos\Tauron.Application.Common-NetStandart\Tauron.Application.Common\Tauron.Application.Common.csproj", "{16DC3729-A49B-4DE5-8BC0-68611EE45F46}"
EndProject
Project("{9A19103F-16F7-4668-BE54-9A1E7A4F7556}") = "Tauron.Application.Common.BaseLayer", "..\..\..\..\Source\Repos\Tauron.Application.Common-NetStandart\Tauron.Application.Common.BaseLayer\Tauron.Application.Common.BaseLayer.csproj", "{50150283-297B-49C9-BDD9-03A8D8D4B407}"
EndProject
Project("{9A19103F-16F7-4668-BE54-9A1E7A4F7556}") = "Tauron.Application.Common.BaseLayer.EntityFramework", "..\..\..\..\Source\Repos\Tauron.Application.Common-NetStandart\Tauron.Application.Common.BaseLayer.EntityFramework\Tauron.Application.Common.BaseLayer.EntityFramework.csproj", "{DA8BF863-19D8-485A-8902-E76254251A62}"
EndProject
Project("{9A19103F-16F7-4668-BE54-9A1E7A4F7556}") = "Tauron.Application.Common.CastleProxy", "..\..\..\..\Source\Repos\Tauron.Application.Common-NetStandart\Tauron.Application.Common.CastleProxy\Tauron.Application.Common.CastleProxy.csproj", "{AA4879B3-C839-4F2E-BB32-BE2DE695632A}"
EndProject
Project("{FAE04EC0-301F-11D3-BF4B-00C04F79EFBC}") = "Tauron.Application.Common.Windows", "..\..\..\..\Source\Repos\Tauron.Application.Common-NetStandart\Tauron.Application.Common.Windows\Tauron.Application.Common.Windows.csproj", "{7FA6AFCB-89AC-44FC-9840-C062C7FFDAD7}"
EndProject
Project("{9A19103F-16F7-4668-BE54-9A1E7A4F7556}") = "Tauron.Application.Common.MVVM", "..\..\..\..\Source\Repos\Tauron.Application.Common-NetStandart\Tauron.Application.Common.MVVM\Tauron.Application.Common.MVVM.csproj", "{0E586F01-C665-47B6-B33A-61AAF03FD1F4}"
EndProject
Project("{FAE04EC0-301F-11D3-BF4B-00C04F79EFBC}") = "Tauron.Application.Common.MVVM.Wpf", "..\..\..\..\Source\Repos\Tauron.Application.Common-NetStandart\Tauron.Application.Common.MVVM.Wpf\Tauron.Application.Common.MVVM.Wpf.csproj", "{4DBEE1B0-5036-4C62-AF18-1F12C2512E3D}"
EndProject
Project("{2150E333-8FDC-42A3-9474-1A3956D46DE8}") = "App Framework", "App Framework", "{3F414ABD-6A0A-469B-A2A2-CDAF54E0F5E3}"
EndProject
Project("{9A19103F-16F7-4668-BE54-9A1E7A4F7556}") = "Tauron.Application.ImageOrganizer.Contracts", "Tauron.Application.ImageOrganizer.Contracts\Tauron.Application.ImageOrganizer.Contracts.csproj", "{C5710E3B-88F7-4D31-BE77-97BFC33783D5}"
EndProject
Project("{9A19103F-16F7-4668-BE54-9A1E7A4F7556}") = "Tauron.Application.ImageOrganizer.Data", "Tauron.Application.ImageOrganizer.Data\Tauron.Application.ImageOrganizer.Data.csproj", "{573F3C9F-E3B5-4170-9FC5-530385AB3263}"
EndProject
Project("{9A19103F-16F7-4668-BE54-9A1E7A4F7556}") = "Tauron.Application.ImageOrganizer.Container", "Tauron.Application.ImageOrganizer.Container\Tauron.Application.ImageOrganizer.Container.csproj", "{9EF25CFA-99D4-4704-83CC-59B09AA66871}"
EndProject
Project("{FAE04EC0-301F-11D3-BF4B-00C04F79EFBC}") = "Tauron.Application.IOInterface", "Tauron.Application.IOInterface\Tauron.Application.IOInterface.csproj", "{10B19DE6-8ABE-4B89-86C5-18FB31C2305B}"
EndProject
Project("{9A19103F-16F7-4668-BE54-9A1E7A4F7556}") = "Tauron.Application.ImageOrganizer.BL", "Tauron.Application.ImageOrganizer.BL\Tauron.Application.ImageOrganizer.BL.csproj", "{52F34AEA-4F62-4ABC-9B76-E845B0CBCAEB}"
EndProject
Project("{9A19103F-16F7-4668-BE54-9A1E7A4F7556}") = "Tauron.Application.ImageOrginazer.ViewModels", "Tauron.Application.ImageOrginazer.ViewModels\Tauron.Application.ImageOrginazer.ViewModels.csproj", "{23CC95C3-FAC2-4F32-8562-BCE31F4F0292}"
EndProject
Project("{FAE04EC0-301F-11D3-BF4B-00C04F79EFBC}") = "Tauron.Application.ImageOrganizer.Views", "Tauron.Application.ImageOrganizer.Views\Tauron.Application.ImageOrganizer.Views.csproj", "{244084B6-B422-4796-9D6F-FD6BC7C23733}"
EndProject
Project("{FAE04EC0-301F-11D3-BF4B-00C04F79EFBC}") = "ImageOrganizer.Startup", "ImageOrganizer.Startup\ImageOrganizer.Startup.csproj", "{B3BF6CC0-5796-49A7-9351-E69C1C255857}"
EndProject
Project("{2150E333-8FDC-42A3-9474-1A3956D46DE8}") = "Web", "Web", "{D3EA3758-BC67-43D3-B7D3-D9100651B2EF}"
EndProject
Project("{FAE04EC0-301F-11D3-BF4B-00C04F79EFBC}") = "ImageOrganizer.Web", "ImageOrganizer.Web\ImageOrganizer.Web.csproj", "{67FBE4CE-28C6-4ABF-B17A-FE2558B6FA5C}"
EndProject
Project("{FAE04EC0-301F-11D3-BF4B-00C04F79EFBC}") = "TestCefApp", "TestCefApp\TestCefApp.csproj", "{DE1746BB-F3D6-4771-B46D-293C4C4EA4B8}"
EndProject
Project("{FAE04EC0-301F-11D3-BF4B-00C04F79EFBC}") = "DatabaseHelper", "DatabaseHelper\DatabaseHelper.csproj", "{26103962-BA62-4136-A489-A460E8F78F79}"
EndProject
Project("{FAE04EC0-301F-11D3-BF4B-00C04F79EFBC}") = "WpfAnimatedGif", "WpfAnimatedGif\WpfAnimatedGif.csproj", "{D129789C-3096-4D0B-8DD7-FE24A4DF4B21}"
EndProject
Global
	GlobalSection(SolutionConfigurationPlatforms) = preSolution
		Debug|Any CPU = Debug|Any CPU
		Debug|x64 = Debug|x64
		Debug|x86 = Debug|x86
		Release Debug|Any CPU = Release Debug|Any CPU
		Release Debug|x64 = Release Debug|x64
		Release Debug|x86 = Release Debug|x86
		Release|Any CPU = Release|Any CPU
		Release|x64 = Release|x64
		Release|x86 = Release|x86
	EndGlobalSection
	GlobalSection(ProjectConfigurationPlatforms) = postSolution
		{2E5EA2E6-E379-44C9-AB20-62C092472BC7}.Debug|Any CPU.ActiveCfg = Debug|Any CPU
		{2E5EA2E6-E379-44C9-AB20-62C092472BC7}.Debug|Any CPU.Build.0 = Debug|Any CPU
		{2E5EA2E6-E379-44C9-AB20-62C092472BC7}.Debug|x64.ActiveCfg = Debug|Any CPU
		{2E5EA2E6-E379-44C9-AB20-62C092472BC7}.Debug|x64.Build.0 = Debug|Any CPU
		{2E5EA2E6-E379-44C9-AB20-62C092472BC7}.Debug|x86.ActiveCfg = Debug|Any CPU
		{2E5EA2E6-E379-44C9-AB20-62C092472BC7}.Debug|x86.Build.0 = Debug|Any CPU
		{2E5EA2E6-E379-44C9-AB20-62C092472BC7}.Release Debug|Any CPU.ActiveCfg = Release|Any CPU
		{2E5EA2E6-E379-44C9-AB20-62C092472BC7}.Release Debug|Any CPU.Build.0 = Release|Any CPU
		{2E5EA2E6-E379-44C9-AB20-62C092472BC7}.Release Debug|x64.ActiveCfg = Release|Any CPU
		{2E5EA2E6-E379-44C9-AB20-62C092472BC7}.Release Debug|x64.Build.0 = Release|Any CPU
		{2E5EA2E6-E379-44C9-AB20-62C092472BC7}.Release Debug|x86.ActiveCfg = Release|Any CPU
		{2E5EA2E6-E379-44C9-AB20-62C092472BC7}.Release Debug|x86.Build.0 = Release|Any CPU
		{2E5EA2E6-E379-44C9-AB20-62C092472BC7}.Release|Any CPU.ActiveCfg = Release|Any CPU
		{2E5EA2E6-E379-44C9-AB20-62C092472BC7}.Release|Any CPU.Build.0 = Release|Any CPU
		{2E5EA2E6-E379-44C9-AB20-62C092472BC7}.Release|x64.ActiveCfg = Release|Any CPU
		{2E5EA2E6-E379-44C9-AB20-62C092472BC7}.Release|x64.Build.0 = Release|Any CPU
		{2E5EA2E6-E379-44C9-AB20-62C092472BC7}.Release|x86.ActiveCfg = Release|Any CPU
		{2E5EA2E6-E379-44C9-AB20-62C092472BC7}.Release|x86.Build.0 = Release|Any CPU
		{C927060F-A209-42EB-B4E6-61BF1447757F}.Debug|Any CPU.ActiveCfg = Debug|Any CPU
		{C927060F-A209-42EB-B4E6-61BF1447757F}.Debug|Any CPU.Build.0 = Debug|Any CPU
		{C927060F-A209-42EB-B4E6-61BF1447757F}.Debug|x64.ActiveCfg = Debug|Any CPU
		{C927060F-A209-42EB-B4E6-61BF1447757F}.Debug|x64.Build.0 = Debug|Any CPU
		{C927060F-A209-42EB-B4E6-61BF1447757F}.Debug|x86.ActiveCfg = Debug|Any CPU
		{C927060F-A209-42EB-B4E6-61BF1447757F}.Debug|x86.Build.0 = Debug|Any CPU
		{C927060F-A209-42EB-B4E6-61BF1447757F}.Release Debug|Any CPU.ActiveCfg = Release|Any CPU
		{C927060F-A209-42EB-B4E6-61BF1447757F}.Release Debug|Any CPU.Build.0 = Release|Any CPU
		{C927060F-A209-42EB-B4E6-61BF1447757F}.Release Debug|x64.ActiveCfg = Release|Any CPU
		{C927060F-A209-42EB-B4E6-61BF1447757F}.Release Debug|x64.Build.0 = Release|Any CPU
		{C927060F-A209-42EB-B4E6-61BF1447757F}.Release Debug|x86.ActiveCfg = Release|Any CPU
		{C927060F-A209-42EB-B4E6-61BF1447757F}.Release Debug|x86.Build.0 = Release|Any CPU
		{C927060F-A209-42EB-B4E6-61BF1447757F}.Release|Any CPU.ActiveCfg = Release|Any CPU
		{C927060F-A209-42EB-B4E6-61BF1447757F}.Release|Any CPU.Build.0 = Release|Any CPU
		{C927060F-A209-42EB-B4E6-61BF1447757F}.Release|x64.ActiveCfg = Release|Any CPU
		{C927060F-A209-42EB-B4E6-61BF1447757F}.Release|x64.Build.0 = Release|Any CPU
		{C927060F-A209-42EB-B4E6-61BF1447757F}.Release|x86.ActiveCfg = Release|Any CPU
		{C927060F-A209-42EB-B4E6-61BF1447757F}.Release|x86.Build.0 = Release|Any CPU
		{8BCBF8BD-7F45-4C9E-BBAA-ABDEA8FA7C37}.Debug|Any CPU.ActiveCfg = Debug|Any CPU
		{8BCBF8BD-7F45-4C9E-BBAA-ABDEA8FA7C37}.Debug|Any CPU.Build.0 = Debug|Any CPU
		{8BCBF8BD-7F45-4C9E-BBAA-ABDEA8FA7C37}.Debug|x64.ActiveCfg = Debug|Any CPU
		{8BCBF8BD-7F45-4C9E-BBAA-ABDEA8FA7C37}.Debug|x86.ActiveCfg = Debug|Any CPU
		{8BCBF8BD-7F45-4C9E-BBAA-ABDEA8FA7C37}.Release Debug|Any CPU.ActiveCfg = Release|Any CPU
		{8BCBF8BD-7F45-4C9E-BBAA-ABDEA8FA7C37}.Release Debug|Any CPU.Build.0 = Release|Any CPU
		{8BCBF8BD-7F45-4C9E-BBAA-ABDEA8FA7C37}.Release Debug|x64.ActiveCfg = Release|Any CPU
		{8BCBF8BD-7F45-4C9E-BBAA-ABDEA8FA7C37}.Release Debug|x86.ActiveCfg = Release|Any CPU
		{8BCBF8BD-7F45-4C9E-BBAA-ABDEA8FA7C37}.Release|Any CPU.ActiveCfg = Release|Any CPU
		{8BCBF8BD-7F45-4C9E-BBAA-ABDEA8FA7C37}.Release|Any CPU.Build.0 = Release|Any CPU
		{8BCBF8BD-7F45-4C9E-BBAA-ABDEA8FA7C37}.Release|x64.ActiveCfg = Release|Any CPU
		{8BCBF8BD-7F45-4C9E-BBAA-ABDEA8FA7C37}.Release|x86.ActiveCfg = Release|Any CPU
		{16DC3729-A49B-4DE5-8BC0-68611EE45F46}.Debug|Any CPU.ActiveCfg = Debug|Any CPU
		{16DC3729-A49B-4DE5-8BC0-68611EE45F46}.Debug|Any CPU.Build.0 = Debug|Any CPU
		{16DC3729-A49B-4DE5-8BC0-68611EE45F46}.Debug|x64.ActiveCfg = Debug|Any CPU
		{16DC3729-A49B-4DE5-8BC0-68611EE45F46}.Debug|x64.Build.0 = Debug|Any CPU
		{16DC3729-A49B-4DE5-8BC0-68611EE45F46}.Debug|x86.ActiveCfg = Debug|Any CPU
		{16DC3729-A49B-4DE5-8BC0-68611EE45F46}.Debug|x86.Build.0 = Debug|Any CPU
		{16DC3729-A49B-4DE5-8BC0-68611EE45F46}.Release Debug|Any CPU.ActiveCfg = Release|Any CPU
		{16DC3729-A49B-4DE5-8BC0-68611EE45F46}.Release Debug|Any CPU.Build.0 = Release|Any CPU
		{16DC3729-A49B-4DE5-8BC0-68611EE45F46}.Release Debug|x64.ActiveCfg = Release|Any CPU
		{16DC3729-A49B-4DE5-8BC0-68611EE45F46}.Release Debug|x64.Build.0 = Release|Any CPU
		{16DC3729-A49B-4DE5-8BC0-68611EE45F46}.Release Debug|x86.ActiveCfg = Release|Any CPU
		{16DC3729-A49B-4DE5-8BC0-68611EE45F46}.Release Debug|x86.Build.0 = Release|Any CPU
		{16DC3729-A49B-4DE5-8BC0-68611EE45F46}.Release|Any CPU.ActiveCfg = Release|Any CPU
		{16DC3729-A49B-4DE5-8BC0-68611EE45F46}.Release|Any CPU.Build.0 = Release|Any CPU
		{16DC3729-A49B-4DE5-8BC0-68611EE45F46}.Release|x64.ActiveCfg = Release|Any CPU
		{16DC3729-A49B-4DE5-8BC0-68611EE45F46}.Release|x64.Build.0 = Release|Any CPU
		{16DC3729-A49B-4DE5-8BC0-68611EE45F46}.Release|x86.ActiveCfg = Release|Any CPU
		{16DC3729-A49B-4DE5-8BC0-68611EE45F46}.Release|x86.Build.0 = Release|Any CPU
		{50150283-297B-49C9-BDD9-03A8D8D4B407}.Debug|Any CPU.ActiveCfg = Debug|Any CPU
		{50150283-297B-49C9-BDD9-03A8D8D4B407}.Debug|Any CPU.Build.0 = Debug|Any CPU
		{50150283-297B-49C9-BDD9-03A8D8D4B407}.Debug|x64.ActiveCfg = Debug|Any CPU
		{50150283-297B-49C9-BDD9-03A8D8D4B407}.Debug|x64.Build.0 = Debug|Any CPU
		{50150283-297B-49C9-BDD9-03A8D8D4B407}.Debug|x86.ActiveCfg = Debug|Any CPU
		{50150283-297B-49C9-BDD9-03A8D8D4B407}.Debug|x86.Build.0 = Debug|Any CPU
		{50150283-297B-49C9-BDD9-03A8D8D4B407}.Release Debug|Any CPU.ActiveCfg = Release|Any CPU
		{50150283-297B-49C9-BDD9-03A8D8D4B407}.Release Debug|Any CPU.Build.0 = Release|Any CPU
		{50150283-297B-49C9-BDD9-03A8D8D4B407}.Release Debug|x64.ActiveCfg = Release|Any CPU
		{50150283-297B-49C9-BDD9-03A8D8D4B407}.Release Debug|x64.Build.0 = Release|Any CPU
		{50150283-297B-49C9-BDD9-03A8D8D4B407}.Release Debug|x86.ActiveCfg = Release|Any CPU
		{50150283-297B-49C9-BDD9-03A8D8D4B407}.Release Debug|x86.Build.0 = Release|Any CPU
		{50150283-297B-49C9-BDD9-03A8D8D4B407}.Release|Any CPU.ActiveCfg = Release|Any CPU
		{50150283-297B-49C9-BDD9-03A8D8D4B407}.Release|Any CPU.Build.0 = Release|Any CPU
		{50150283-297B-49C9-BDD9-03A8D8D4B407}.Release|x64.ActiveCfg = Release|Any CPU
		{50150283-297B-49C9-BDD9-03A8D8D4B407}.Release|x64.Build.0 = Release|Any CPU
		{50150283-297B-49C9-BDD9-03A8D8D4B407}.Release|x86.ActiveCfg = Release|Any CPU
		{50150283-297B-49C9-BDD9-03A8D8D4B407}.Release|x86.Build.0 = Release|Any CPU
		{DA8BF863-19D8-485A-8902-E76254251A62}.Debug|Any CPU.ActiveCfg = Debug|Any CPU
		{DA8BF863-19D8-485A-8902-E76254251A62}.Debug|Any CPU.Build.0 = Debug|Any CPU
		{DA8BF863-19D8-485A-8902-E76254251A62}.Debug|x64.ActiveCfg = Debug|Any CPU
		{DA8BF863-19D8-485A-8902-E76254251A62}.Debug|x64.Build.0 = Debug|Any CPU
		{DA8BF863-19D8-485A-8902-E76254251A62}.Debug|x86.ActiveCfg = Debug|Any CPU
		{DA8BF863-19D8-485A-8902-E76254251A62}.Debug|x86.Build.0 = Debug|Any CPU
		{DA8BF863-19D8-485A-8902-E76254251A62}.Release Debug|Any CPU.ActiveCfg = Release|Any CPU
		{DA8BF863-19D8-485A-8902-E76254251A62}.Release Debug|Any CPU.Build.0 = Release|Any CPU
		{DA8BF863-19D8-485A-8902-E76254251A62}.Release Debug|x64.ActiveCfg = Release|Any CPU
		{DA8BF863-19D8-485A-8902-E76254251A62}.Release Debug|x64.Build.0 = Release|Any CPU
		{DA8BF863-19D8-485A-8902-E76254251A62}.Release Debug|x86.ActiveCfg = Release|Any CPU
		{DA8BF863-19D8-485A-8902-E76254251A62}.Release Debug|x86.Build.0 = Release|Any CPU
		{DA8BF863-19D8-485A-8902-E76254251A62}.Release|Any CPU.ActiveCfg = Release|Any CPU
		{DA8BF863-19D8-485A-8902-E76254251A62}.Release|Any CPU.Build.0 = Release|Any CPU
		{DA8BF863-19D8-485A-8902-E76254251A62}.Release|x64.ActiveCfg = Release|Any CPU
		{DA8BF863-19D8-485A-8902-E76254251A62}.Release|x64.Build.0 = Release|Any CPU
		{DA8BF863-19D8-485A-8902-E76254251A62}.Release|x86.ActiveCfg = Release|Any CPU
		{DA8BF863-19D8-485A-8902-E76254251A62}.Release|x86.Build.0 = Release|Any CPU
		{AA4879B3-C839-4F2E-BB32-BE2DE695632A}.Debug|Any CPU.ActiveCfg = Debug|Any CPU
		{AA4879B3-C839-4F2E-BB32-BE2DE695632A}.Debug|Any CPU.Build.0 = Debug|Any CPU
		{AA4879B3-C839-4F2E-BB32-BE2DE695632A}.Debug|x64.ActiveCfg = Debug|Any CPU
		{AA4879B3-C839-4F2E-BB32-BE2DE695632A}.Debug|x64.Build.0 = Debug|Any CPU
		{AA4879B3-C839-4F2E-BB32-BE2DE695632A}.Debug|x86.ActiveCfg = Debug|Any CPU
		{AA4879B3-C839-4F2E-BB32-BE2DE695632A}.Debug|x86.Build.0 = Debug|Any CPU
		{AA4879B3-C839-4F2E-BB32-BE2DE695632A}.Release Debug|Any CPU.ActiveCfg = Release|Any CPU
		{AA4879B3-C839-4F2E-BB32-BE2DE695632A}.Release Debug|Any CPU.Build.0 = Release|Any CPU
		{AA4879B3-C839-4F2E-BB32-BE2DE695632A}.Release Debug|x64.ActiveCfg = Release|Any CPU
		{AA4879B3-C839-4F2E-BB32-BE2DE695632A}.Release Debug|x64.Build.0 = Release|Any CPU
		{AA4879B3-C839-4F2E-BB32-BE2DE695632A}.Release Debug|x86.ActiveCfg = Release|Any CPU
		{AA4879B3-C839-4F2E-BB32-BE2DE695632A}.Release Debug|x86.Build.0 = Release|Any CPU
		{AA4879B3-C839-4F2E-BB32-BE2DE695632A}.Release|Any CPU.ActiveCfg = Release|Any CPU
		{AA4879B3-C839-4F2E-BB32-BE2DE695632A}.Release|Any CPU.Build.0 = Release|Any CPU
		{AA4879B3-C839-4F2E-BB32-BE2DE695632A}.Release|x64.ActiveCfg = Release|Any CPU
		{AA4879B3-C839-4F2E-BB32-BE2DE695632A}.Release|x64.Build.0 = Release|Any CPU
		{AA4879B3-C839-4F2E-BB32-BE2DE695632A}.Release|x86.ActiveCfg = Release|Any CPU
		{AA4879B3-C839-4F2E-BB32-BE2DE695632A}.Release|x86.Build.0 = Release|Any CPU
		{7FA6AFCB-89AC-44FC-9840-C062C7FFDAD7}.Debug|Any CPU.ActiveCfg = Debug|Any CPU
		{7FA6AFCB-89AC-44FC-9840-C062C7FFDAD7}.Debug|Any CPU.Build.0 = Debug|Any CPU
		{7FA6AFCB-89AC-44FC-9840-C062C7FFDAD7}.Debug|x64.ActiveCfg = Debug|Any CPU
		{7FA6AFCB-89AC-44FC-9840-C062C7FFDAD7}.Debug|x64.Build.0 = Debug|Any CPU
		{7FA6AFCB-89AC-44FC-9840-C062C7FFDAD7}.Debug|x86.ActiveCfg = Debug|Any CPU
		{7FA6AFCB-89AC-44FC-9840-C062C7FFDAD7}.Debug|x86.Build.0 = Debug|Any CPU
		{7FA6AFCB-89AC-44FC-9840-C062C7FFDAD7}.Release Debug|Any CPU.ActiveCfg = Release|Any CPU
		{7FA6AFCB-89AC-44FC-9840-C062C7FFDAD7}.Release Debug|Any CPU.Build.0 = Release|Any CPU
		{7FA6AFCB-89AC-44FC-9840-C062C7FFDAD7}.Release Debug|x64.ActiveCfg = Release|Any CPU
		{7FA6AFCB-89AC-44FC-9840-C062C7FFDAD7}.Release Debug|x64.Build.0 = Release|Any CPU
		{7FA6AFCB-89AC-44FC-9840-C062C7FFDAD7}.Release Debug|x86.ActiveCfg = Release|Any CPU
		{7FA6AFCB-89AC-44FC-9840-C062C7FFDAD7}.Release Debug|x86.Build.0 = Release|Any CPU
		{7FA6AFCB-89AC-44FC-9840-C062C7FFDAD7}.Release|Any CPU.ActiveCfg = Release|Any CPU
		{7FA6AFCB-89AC-44FC-9840-C062C7FFDAD7}.Release|Any CPU.Build.0 = Release|Any CPU
		{7FA6AFCB-89AC-44FC-9840-C062C7FFDAD7}.Release|x64.ActiveCfg = Release|Any CPU
		{7FA6AFCB-89AC-44FC-9840-C062C7FFDAD7}.Release|x64.Build.0 = Release|Any CPU
		{7FA6AFCB-89AC-44FC-9840-C062C7FFDAD7}.Release|x86.ActiveCfg = Release|Any CPU
		{7FA6AFCB-89AC-44FC-9840-C062C7FFDAD7}.Release|x86.Build.0 = Release|Any CPU
		{0E586F01-C665-47B6-B33A-61AAF03FD1F4}.Debug|Any CPU.ActiveCfg = Debug|Any CPU
		{0E586F01-C665-47B6-B33A-61AAF03FD1F4}.Debug|Any CPU.Build.0 = Debug|Any CPU
		{0E586F01-C665-47B6-B33A-61AAF03FD1F4}.Debug|x64.ActiveCfg = Debug|Any CPU
		{0E586F01-C665-47B6-B33A-61AAF03FD1F4}.Debug|x64.Build.0 = Debug|Any CPU
		{0E586F01-C665-47B6-B33A-61AAF03FD1F4}.Debug|x86.ActiveCfg = Debug|Any CPU
		{0E586F01-C665-47B6-B33A-61AAF03FD1F4}.Debug|x86.Build.0 = Debug|Any CPU
		{0E586F01-C665-47B6-B33A-61AAF03FD1F4}.Release Debug|Any CPU.ActiveCfg = Release|Any CPU
		{0E586F01-C665-47B6-B33A-61AAF03FD1F4}.Release Debug|Any CPU.Build.0 = Release|Any CPU
		{0E586F01-C665-47B6-B33A-61AAF03FD1F4}.Release Debug|x64.ActiveCfg = Release|Any CPU
		{0E586F01-C665-47B6-B33A-61AAF03FD1F4}.Release Debug|x64.Build.0 = Release|Any CPU
		{0E586F01-C665-47B6-B33A-61AAF03FD1F4}.Release Debug|x86.ActiveCfg = Release|Any CPU
		{0E586F01-C665-47B6-B33A-61AAF03FD1F4}.Release Debug|x86.Build.0 = Release|Any CPU
		{0E586F01-C665-47B6-B33A-61AAF03FD1F4}.Release|Any CPU.ActiveCfg = Release|Any CPU
		{0E586F01-C665-47B6-B33A-61AAF03FD1F4}.Release|Any CPU.Build.0 = Release|Any CPU
		{0E586F01-C665-47B6-B33A-61AAF03FD1F4}.Release|x64.ActiveCfg = Release|Any CPU
		{0E586F01-C665-47B6-B33A-61AAF03FD1F4}.Release|x64.Build.0 = Release|Any CPU
		{0E586F01-C665-47B6-B33A-61AAF03FD1F4}.Release|x86.ActiveCfg = Release|Any CPU
		{0E586F01-C665-47B6-B33A-61AAF03FD1F4}.Release|x86.Build.0 = Release|Any CPU
		{4DBEE1B0-5036-4C62-AF18-1F12C2512E3D}.Debug|Any CPU.ActiveCfg = Debug|Any CPU
		{4DBEE1B0-5036-4C62-AF18-1F12C2512E3D}.Debug|Any CPU.Build.0 = Debug|Any CPU
		{4DBEE1B0-5036-4C62-AF18-1F12C2512E3D}.Debug|x64.ActiveCfg = Debug|Any CPU
		{4DBEE1B0-5036-4C62-AF18-1F12C2512E3D}.Debug|x64.Build.0 = Debug|Any CPU
		{4DBEE1B0-5036-4C62-AF18-1F12C2512E3D}.Debug|x86.ActiveCfg = Debug|Any CPU
		{4DBEE1B0-5036-4C62-AF18-1F12C2512E3D}.Debug|x86.Build.0 = Debug|Any CPU
		{4DBEE1B0-5036-4C62-AF18-1F12C2512E3D}.Release Debug|Any CPU.ActiveCfg = Release|Any CPU
		{4DBEE1B0-5036-4C62-AF18-1F12C2512E3D}.Release Debug|Any CPU.Build.0 = Release|Any CPU
		{4DBEE1B0-5036-4C62-AF18-1F12C2512E3D}.Release Debug|x64.ActiveCfg = Release|Any CPU
		{4DBEE1B0-5036-4C62-AF18-1F12C2512E3D}.Release Debug|x64.Build.0 = Release|Any CPU
		{4DBEE1B0-5036-4C62-AF18-1F12C2512E3D}.Release Debug|x86.ActiveCfg = Release|Any CPU
		{4DBEE1B0-5036-4C62-AF18-1F12C2512E3D}.Release Debug|x86.Build.0 = Release|Any CPU
		{4DBEE1B0-5036-4C62-AF18-1F12C2512E3D}.Release|Any CPU.ActiveCfg = Release|Any CPU
		{4DBEE1B0-5036-4C62-AF18-1F12C2512E3D}.Release|Any CPU.Build.0 = Release|Any CPU
		{4DBEE1B0-5036-4C62-AF18-1F12C2512E3D}.Release|x64.ActiveCfg = Release|Any CPU
		{4DBEE1B0-5036-4C62-AF18-1F12C2512E3D}.Release|x64.Build.0 = Release|Any CPU
		{4DBEE1B0-5036-4C62-AF18-1F12C2512E3D}.Release|x86.ActiveCfg = Release|Any CPU
		{4DBEE1B0-5036-4C62-AF18-1F12C2512E3D}.Release|x86.Build.0 = Release|Any CPU
		{C5710E3B-88F7-4D31-BE77-97BFC33783D5}.Debug|Any CPU.ActiveCfg = Debug|Any CPU
		{C5710E3B-88F7-4D31-BE77-97BFC33783D5}.Debug|Any CPU.Build.0 = Debug|Any CPU
		{C5710E3B-88F7-4D31-BE77-97BFC33783D5}.Debug|x64.ActiveCfg = Debug|Any CPU
		{C5710E3B-88F7-4D31-BE77-97BFC33783D5}.Debug|x64.Build.0 = Debug|Any CPU
		{C5710E3B-88F7-4D31-BE77-97BFC33783D5}.Debug|x86.ActiveCfg = Debug|Any CPU
		{C5710E3B-88F7-4D31-BE77-97BFC33783D5}.Debug|x86.Build.0 = Debug|Any CPU
		{C5710E3B-88F7-4D31-BE77-97BFC33783D5}.Release Debug|Any CPU.ActiveCfg = Release|Any CPU
		{C5710E3B-88F7-4D31-BE77-97BFC33783D5}.Release Debug|Any CPU.Build.0 = Release|Any CPU
		{C5710E3B-88F7-4D31-BE77-97BFC33783D5}.Release Debug|x64.ActiveCfg = Release|Any CPU
		{C5710E3B-88F7-4D31-BE77-97BFC33783D5}.Release Debug|x64.Build.0 = Release|Any CPU
		{C5710E3B-88F7-4D31-BE77-97BFC33783D5}.Release Debug|x86.ActiveCfg = Release|Any CPU
		{C5710E3B-88F7-4D31-BE77-97BFC33783D5}.Release Debug|x86.Build.0 = Release|Any CPU
		{C5710E3B-88F7-4D31-BE77-97BFC33783D5}.Release|Any CPU.ActiveCfg = Release|Any CPU
		{C5710E3B-88F7-4D31-BE77-97BFC33783D5}.Release|Any CPU.Build.0 = Release|Any CPU
		{C5710E3B-88F7-4D31-BE77-97BFC33783D5}.Release|x64.ActiveCfg = Release|Any CPU
		{C5710E3B-88F7-4D31-BE77-97BFC33783D5}.Release|x64.Build.0 = Release|Any CPU
		{C5710E3B-88F7-4D31-BE77-97BFC33783D5}.Release|x86.ActiveCfg = Release|Any CPU
		{C5710E3B-88F7-4D31-BE77-97BFC33783D5}.Release|x86.Build.0 = Release|Any CPU
		{573F3C9F-E3B5-4170-9FC5-530385AB3263}.Debug|Any CPU.ActiveCfg = Debug|Any CPU
		{573F3C9F-E3B5-4170-9FC5-530385AB3263}.Debug|Any CPU.Build.0 = Debug|Any CPU
		{573F3C9F-E3B5-4170-9FC5-530385AB3263}.Debug|x64.ActiveCfg = Debug|Any CPU
		{573F3C9F-E3B5-4170-9FC5-530385AB3263}.Debug|x64.Build.0 = Debug|Any CPU
		{573F3C9F-E3B5-4170-9FC5-530385AB3263}.Debug|x86.ActiveCfg = Debug|Any CPU
		{573F3C9F-E3B5-4170-9FC5-530385AB3263}.Debug|x86.Build.0 = Debug|Any CPU
		{573F3C9F-E3B5-4170-9FC5-530385AB3263}.Release Debug|Any CPU.ActiveCfg = Release|Any CPU
		{573F3C9F-E3B5-4170-9FC5-530385AB3263}.Release Debug|Any CPU.Build.0 = Release|Any CPU
		{573F3C9F-E3B5-4170-9FC5-530385AB3263}.Release Debug|x64.ActiveCfg = Release|Any CPU
		{573F3C9F-E3B5-4170-9FC5-530385AB3263}.Release Debug|x64.Build.0 = Release|Any CPU
		{573F3C9F-E3B5-4170-9FC5-530385AB3263}.Release Debug|x86.ActiveCfg = Release|Any CPU
		{573F3C9F-E3B5-4170-9FC5-530385AB3263}.Release Debug|x86.Build.0 = Release|Any CPU
		{573F3C9F-E3B5-4170-9FC5-530385AB3263}.Release|Any CPU.ActiveCfg = Release|Any CPU
		{573F3C9F-E3B5-4170-9FC5-530385AB3263}.Release|Any CPU.Build.0 = Release|Any CPU
		{573F3C9F-E3B5-4170-9FC5-530385AB3263}.Release|x64.ActiveCfg = Release|Any CPU
		{573F3C9F-E3B5-4170-9FC5-530385AB3263}.Release|x64.Build.0 = Release|Any CPU
		{573F3C9F-E3B5-4170-9FC5-530385AB3263}.Release|x86.ActiveCfg = Release|Any CPU
		{573F3C9F-E3B5-4170-9FC5-530385AB3263}.Release|x86.Build.0 = Release|Any CPU
		{9EF25CFA-99D4-4704-83CC-59B09AA66871}.Debug|Any CPU.ActiveCfg = Debug|Any CPU
		{9EF25CFA-99D4-4704-83CC-59B09AA66871}.Debug|Any CPU.Build.0 = Debug|Any CPU
		{9EF25CFA-99D4-4704-83CC-59B09AA66871}.Debug|x64.ActiveCfg = Debug|Any CPU
		{9EF25CFA-99D4-4704-83CC-59B09AA66871}.Debug|x64.Build.0 = Debug|Any CPU
		{9EF25CFA-99D4-4704-83CC-59B09AA66871}.Debug|x86.ActiveCfg = Debug|Any CPU
		{9EF25CFA-99D4-4704-83CC-59B09AA66871}.Debug|x86.Build.0 = Debug|Any CPU
		{9EF25CFA-99D4-4704-83CC-59B09AA66871}.Release Debug|Any CPU.ActiveCfg = Release|Any CPU
		{9EF25CFA-99D4-4704-83CC-59B09AA66871}.Release Debug|Any CPU.Build.0 = Release|Any CPU
		{9EF25CFA-99D4-4704-83CC-59B09AA66871}.Release Debug|x64.ActiveCfg = Release|Any CPU
		{9EF25CFA-99D4-4704-83CC-59B09AA66871}.Release Debug|x64.Build.0 = Release|Any CPU
		{9EF25CFA-99D4-4704-83CC-59B09AA66871}.Release Debug|x86.ActiveCfg = Release|Any CPU
		{9EF25CFA-99D4-4704-83CC-59B09AA66871}.Release Debug|x86.Build.0 = Release|Any CPU
		{9EF25CFA-99D4-4704-83CC-59B09AA66871}.Release|Any CPU.ActiveCfg = Release|Any CPU
		{9EF25CFA-99D4-4704-83CC-59B09AA66871}.Release|Any CPU.Build.0 = Release|Any CPU
		{9EF25CFA-99D4-4704-83CC-59B09AA66871}.Release|x64.ActiveCfg = Release|Any CPU
		{9EF25CFA-99D4-4704-83CC-59B09AA66871}.Release|x64.Build.0 = Release|Any CPU
		{9EF25CFA-99D4-4704-83CC-59B09AA66871}.Release|x86.ActiveCfg = Release|Any CPU
		{9EF25CFA-99D4-4704-83CC-59B09AA66871}.Release|x86.Build.0 = Release|Any CPU
		{10B19DE6-8ABE-4B89-86C5-18FB31C2305B}.Debug|Any CPU.ActiveCfg = Debug|Any CPU
		{10B19DE6-8ABE-4B89-86C5-18FB31C2305B}.Debug|Any CPU.Build.0 = Debug|Any CPU
		{10B19DE6-8ABE-4B89-86C5-18FB31C2305B}.Debug|x64.ActiveCfg = Debug|Any CPU
		{10B19DE6-8ABE-4B89-86C5-18FB31C2305B}.Debug|x64.Build.0 = Debug|Any CPU
		{10B19DE6-8ABE-4B89-86C5-18FB31C2305B}.Debug|x86.ActiveCfg = Debug|Any CPU
		{10B19DE6-8ABE-4B89-86C5-18FB31C2305B}.Debug|x86.Build.0 = Debug|Any CPU
		{10B19DE6-8ABE-4B89-86C5-18FB31C2305B}.Release Debug|Any CPU.ActiveCfg = Release|Any CPU
		{10B19DE6-8ABE-4B89-86C5-18FB31C2305B}.Release Debug|Any CPU.Build.0 = Release|Any CPU
		{10B19DE6-8ABE-4B89-86C5-18FB31C2305B}.Release Debug|x64.ActiveCfg = Release|Any CPU
		{10B19DE6-8ABE-4B89-86C5-18FB31C2305B}.Release Debug|x64.Build.0 = Release|Any CPU
		{10B19DE6-8ABE-4B89-86C5-18FB31C2305B}.Release Debug|x86.ActiveCfg = Release|Any CPU
		{10B19DE6-8ABE-4B89-86C5-18FB31C2305B}.Release Debug|x86.Build.0 = Release|Any CPU
		{10B19DE6-8ABE-4B89-86C5-18FB31C2305B}.Release|Any CPU.ActiveCfg = Release|Any CPU
		{10B19DE6-8ABE-4B89-86C5-18FB31C2305B}.Release|Any CPU.Build.0 = Release|Any CPU
		{10B19DE6-8ABE-4B89-86C5-18FB31C2305B}.Release|x64.ActiveCfg = Release|Any CPU
		{10B19DE6-8ABE-4B89-86C5-18FB31C2305B}.Release|x64.Build.0 = Release|Any CPU
		{10B19DE6-8ABE-4B89-86C5-18FB31C2305B}.Release|x86.ActiveCfg = Release|Any CPU
		{10B19DE6-8ABE-4B89-86C5-18FB31C2305B}.Release|x86.Build.0 = Release|Any CPU
		{52F34AEA-4F62-4ABC-9B76-E845B0CBCAEB}.Debug|Any CPU.ActiveCfg = Debug|Any CPU
		{52F34AEA-4F62-4ABC-9B76-E845B0CBCAEB}.Debug|Any CPU.Build.0 = Debug|Any CPU
		{52F34AEA-4F62-4ABC-9B76-E845B0CBCAEB}.Debug|x64.ActiveCfg = Debug|Any CPU
		{52F34AEA-4F62-4ABC-9B76-E845B0CBCAEB}.Debug|x64.Build.0 = Debug|Any CPU
		{52F34AEA-4F62-4ABC-9B76-E845B0CBCAEB}.Debug|x86.ActiveCfg = Debug|Any CPU
		{52F34AEA-4F62-4ABC-9B76-E845B0CBCAEB}.Debug|x86.Build.0 = Debug|Any CPU
		{52F34AEA-4F62-4ABC-9B76-E845B0CBCAEB}.Release Debug|Any CPU.ActiveCfg = Release|Any CPU
		{52F34AEA-4F62-4ABC-9B76-E845B0CBCAEB}.Release Debug|Any CPU.Build.0 = Release|Any CPU
		{52F34AEA-4F62-4ABC-9B76-E845B0CBCAEB}.Release Debug|x64.ActiveCfg = Release|Any CPU
		{52F34AEA-4F62-4ABC-9B76-E845B0CBCAEB}.Release Debug|x64.Build.0 = Release|Any CPU
		{52F34AEA-4F62-4ABC-9B76-E845B0CBCAEB}.Release Debug|x86.ActiveCfg = Release|Any CPU
		{52F34AEA-4F62-4ABC-9B76-E845B0CBCAEB}.Release Debug|x86.Build.0 = Release|Any CPU
		{52F34AEA-4F62-4ABC-9B76-E845B0CBCAEB}.Release|Any CPU.ActiveCfg = Release|Any CPU
		{52F34AEA-4F62-4ABC-9B76-E845B0CBCAEB}.Release|Any CPU.Build.0 = Release|Any CPU
		{52F34AEA-4F62-4ABC-9B76-E845B0CBCAEB}.Release|x64.ActiveCfg = Release|Any CPU
		{52F34AEA-4F62-4ABC-9B76-E845B0CBCAEB}.Release|x64.Build.0 = Release|Any CPU
		{52F34AEA-4F62-4ABC-9B76-E845B0CBCAEB}.Release|x86.ActiveCfg = Release|Any CPU
		{52F34AEA-4F62-4ABC-9B76-E845B0CBCAEB}.Release|x86.Build.0 = Release|Any CPU
		{23CC95C3-FAC2-4F32-8562-BCE31F4F0292}.Debug|Any CPU.ActiveCfg = Debug|Any CPU
		{23CC95C3-FAC2-4F32-8562-BCE31F4F0292}.Debug|Any CPU.Build.0 = Debug|Any CPU
		{23CC95C3-FAC2-4F32-8562-BCE31F4F0292}.Debug|x64.ActiveCfg = Debug|Any CPU
		{23CC95C3-FAC2-4F32-8562-BCE31F4F0292}.Debug|x64.Build.0 = Debug|Any CPU
		{23CC95C3-FAC2-4F32-8562-BCE31F4F0292}.Debug|x86.ActiveCfg = Debug|Any CPU
		{23CC95C3-FAC2-4F32-8562-BCE31F4F0292}.Debug|x86.Build.0 = Debug|Any CPU
		{23CC95C3-FAC2-4F32-8562-BCE31F4F0292}.Release Debug|Any CPU.ActiveCfg = Release|Any CPU
		{23CC95C3-FAC2-4F32-8562-BCE31F4F0292}.Release Debug|Any CPU.Build.0 = Release|Any CPU
		{23CC95C3-FAC2-4F32-8562-BCE31F4F0292}.Release Debug|x64.ActiveCfg = Release|Any CPU
		{23CC95C3-FAC2-4F32-8562-BCE31F4F0292}.Release Debug|x64.Build.0 = Release|Any CPU
		{23CC95C3-FAC2-4F32-8562-BCE31F4F0292}.Release Debug|x86.ActiveCfg = Release|Any CPU
		{23CC95C3-FAC2-4F32-8562-BCE31F4F0292}.Release Debug|x86.Build.0 = Release|Any CPU
		{23CC95C3-FAC2-4F32-8562-BCE31F4F0292}.Release|Any CPU.ActiveCfg = Release|Any CPU
		{23CC95C3-FAC2-4F32-8562-BCE31F4F0292}.Release|Any CPU.Build.0 = Release|Any CPU
		{23CC95C3-FAC2-4F32-8562-BCE31F4F0292}.Release|x64.ActiveCfg = Release|Any CPU
		{23CC95C3-FAC2-4F32-8562-BCE31F4F0292}.Release|x64.Build.0 = Release|Any CPU
		{23CC95C3-FAC2-4F32-8562-BCE31F4F0292}.Release|x86.ActiveCfg = Release|Any CPU
		{23CC95C3-FAC2-4F32-8562-BCE31F4F0292}.Release|x86.Build.0 = Release|Any CPU
		{244084B6-B422-4796-9D6F-FD6BC7C23733}.Debug|Any CPU.ActiveCfg = Debug|Any CPU
		{244084B6-B422-4796-9D6F-FD6BC7C23733}.Debug|Any CPU.Build.0 = Debug|Any CPU
		{244084B6-B422-4796-9D6F-FD6BC7C23733}.Debug|x64.ActiveCfg = Debug|Any CPU
		{244084B6-B422-4796-9D6F-FD6BC7C23733}.Debug|x64.Build.0 = Debug|Any CPU
		{244084B6-B422-4796-9D6F-FD6BC7C23733}.Debug|x86.ActiveCfg = Debug|Any CPU
		{244084B6-B422-4796-9D6F-FD6BC7C23733}.Debug|x86.Build.0 = Debug|Any CPU
		{244084B6-B422-4796-9D6F-FD6BC7C23733}.Release Debug|Any CPU.ActiveCfg = Release|Any CPU
		{244084B6-B422-4796-9D6F-FD6BC7C23733}.Release Debug|Any CPU.Build.0 = Release|Any CPU
		{244084B6-B422-4796-9D6F-FD6BC7C23733}.Release Debug|x64.ActiveCfg = Release|Any CPU
		{244084B6-B422-4796-9D6F-FD6BC7C23733}.Release Debug|x64.Build.0 = Release|Any CPU
		{244084B6-B422-4796-9D6F-FD6BC7C23733}.Release Debug|x86.ActiveCfg = Release|Any CPU
		{244084B6-B422-4796-9D6F-FD6BC7C23733}.Release Debug|x86.Build.0 = Release|Any CPU
		{244084B6-B422-4796-9D6F-FD6BC7C23733}.Release|Any CPU.ActiveCfg = Release|Any CPU
		{244084B6-B422-4796-9D6F-FD6BC7C23733}.Release|Any CPU.Build.0 = Release|Any CPU
		{244084B6-B422-4796-9D6F-FD6BC7C23733}.Release|x64.ActiveCfg = Release|Any CPU
		{244084B6-B422-4796-9D6F-FD6BC7C23733}.Release|x64.Build.0 = Release|Any CPU
		{244084B6-B422-4796-9D6F-FD6BC7C23733}.Release|x86.ActiveCfg = Release|Any CPU
		{244084B6-B422-4796-9D6F-FD6BC7C23733}.Release|x86.Build.0 = Release|Any CPU
		{B3BF6CC0-5796-49A7-9351-E69C1C255857}.Debug|Any CPU.ActiveCfg = Debug|Any CPU
		{B3BF6CC0-5796-49A7-9351-E69C1C255857}.Debug|Any CPU.Build.0 = Debug|Any CPU
		{B3BF6CC0-5796-49A7-9351-E69C1C255857}.Debug|x64.ActiveCfg = Debug|Any CPU
		{B3BF6CC0-5796-49A7-9351-E69C1C255857}.Debug|x64.Build.0 = Debug|Any CPU
		{B3BF6CC0-5796-49A7-9351-E69C1C255857}.Debug|x86.ActiveCfg = Debug|Any CPU
		{B3BF6CC0-5796-49A7-9351-E69C1C255857}.Debug|x86.Build.0 = Debug|Any CPU
		{B3BF6CC0-5796-49A7-9351-E69C1C255857}.Release Debug|Any CPU.ActiveCfg = Release|Any CPU
		{B3BF6CC0-5796-49A7-9351-E69C1C255857}.Release Debug|Any CPU.Build.0 = Release|Any CPU
		{B3BF6CC0-5796-49A7-9351-E69C1C255857}.Release Debug|x64.ActiveCfg = Release|Any CPU
		{B3BF6CC0-5796-49A7-9351-E69C1C255857}.Release Debug|x64.Build.0 = Release|Any CPU
		{B3BF6CC0-5796-49A7-9351-E69C1C255857}.Release Debug|x86.ActiveCfg = Release|Any CPU
		{B3BF6CC0-5796-49A7-9351-E69C1C255857}.Release Debug|x86.Build.0 = Release|Any CPU
		{B3BF6CC0-5796-49A7-9351-E69C1C255857}.Release|Any CPU.ActiveCfg = Release|Any CPU
		{B3BF6CC0-5796-49A7-9351-E69C1C255857}.Release|Any CPU.Build.0 = Release|Any CPU
		{B3BF6CC0-5796-49A7-9351-E69C1C255857}.Release|x64.ActiveCfg = Release|Any CPU
		{B3BF6CC0-5796-49A7-9351-E69C1C255857}.Release|x64.Build.0 = Release|Any CPU
		{B3BF6CC0-5796-49A7-9351-E69C1C255857}.Release|x86.ActiveCfg = Release|Any CPU
		{B3BF6CC0-5796-49A7-9351-E69C1C255857}.Release|x86.Build.0 = Release|Any CPU
		{67FBE4CE-28C6-4ABF-B17A-FE2558B6FA5C}.Debug|Any CPU.ActiveCfg = Debug|Any CPU
		{67FBE4CE-28C6-4ABF-B17A-FE2558B6FA5C}.Debug|Any CPU.Build.0 = Debug|Any CPU
		{67FBE4CE-28C6-4ABF-B17A-FE2558B6FA5C}.Debug|x64.ActiveCfg = Debug|Any CPU
		{67FBE4CE-28C6-4ABF-B17A-FE2558B6FA5C}.Debug|x64.Build.0 = Debug|Any CPU
		{67FBE4CE-28C6-4ABF-B17A-FE2558B6FA5C}.Debug|x86.ActiveCfg = Debug|Any CPU
		{67FBE4CE-28C6-4ABF-B17A-FE2558B6FA5C}.Debug|x86.Build.0 = Debug|Any CPU
		{67FBE4CE-28C6-4ABF-B17A-FE2558B6FA5C}.Release Debug|Any CPU.ActiveCfg = Release|Any CPU
		{67FBE4CE-28C6-4ABF-B17A-FE2558B6FA5C}.Release Debug|Any CPU.Build.0 = Release|Any CPU
		{67FBE4CE-28C6-4ABF-B17A-FE2558B6FA5C}.Release Debug|x64.ActiveCfg = Release|Any CPU
		{67FBE4CE-28C6-4ABF-B17A-FE2558B6FA5C}.Release Debug|x64.Build.0 = Release|Any CPU
		{67FBE4CE-28C6-4ABF-B17A-FE2558B6FA5C}.Release Debug|x86.ActiveCfg = Release|Any CPU
		{67FBE4CE-28C6-4ABF-B17A-FE2558B6FA5C}.Release Debug|x86.Build.0 = Release|Any CPU
		{67FBE4CE-28C6-4ABF-B17A-FE2558B6FA5C}.Release|Any CPU.ActiveCfg = Release|Any CPU
		{67FBE4CE-28C6-4ABF-B17A-FE2558B6FA5C}.Release|Any CPU.Build.0 = Release|Any CPU
		{67FBE4CE-28C6-4ABF-B17A-FE2558B6FA5C}.Release|x64.ActiveCfg = Release|Any CPU
		{67FBE4CE-28C6-4ABF-B17A-FE2558B6FA5C}.Release|x64.Build.0 = Release|Any CPU
		{67FBE4CE-28C6-4ABF-B17A-FE2558B6FA5C}.Release|x86.ActiveCfg = Release|Any CPU
		{67FBE4CE-28C6-4ABF-B17A-FE2558B6FA5C}.Release|x86.Build.0 = Release|Any CPU
		{DE1746BB-F3D6-4771-B46D-293C4C4EA4B8}.Debug|Any CPU.ActiveCfg = Debug|Any CPU
		{DE1746BB-F3D6-4771-B46D-293C4C4EA4B8}.Debug|Any CPU.Build.0 = Debug|Any CPU
		{DE1746BB-F3D6-4771-B46D-293C4C4EA4B8}.Debug|x64.ActiveCfg = Debug|Any CPU
		{DE1746BB-F3D6-4771-B46D-293C4C4EA4B8}.Debug|x64.Build.0 = Debug|Any CPU
		{DE1746BB-F3D6-4771-B46D-293C4C4EA4B8}.Debug|x86.ActiveCfg = Debug|Any CPU
		{DE1746BB-F3D6-4771-B46D-293C4C4EA4B8}.Debug|x86.Build.0 = Debug|Any CPU
		{DE1746BB-F3D6-4771-B46D-293C4C4EA4B8}.Release Debug|Any CPU.ActiveCfg = Release|Any CPU
		{DE1746BB-F3D6-4771-B46D-293C4C4EA4B8}.Release Debug|Any CPU.Build.0 = Release|Any CPU
		{DE1746BB-F3D6-4771-B46D-293C4C4EA4B8}.Release Debug|x64.ActiveCfg = Release|Any CPU
		{DE1746BB-F3D6-4771-B46D-293C4C4EA4B8}.Release Debug|x64.Build.0 = Release|Any CPU
		{DE1746BB-F3D6-4771-B46D-293C4C4EA4B8}.Release Debug|x86.ActiveCfg = Release|Any CPU
		{DE1746BB-F3D6-4771-B46D-293C4C4EA4B8}.Release Debug|x86.Build.0 = Release|Any CPU
		{DE1746BB-F3D6-4771-B46D-293C4C4EA4B8}.Release|Any CPU.ActiveCfg = Release|Any CPU
		{DE1746BB-F3D6-4771-B46D-293C4C4EA4B8}.Release|Any CPU.Build.0 = Release|Any CPU
		{DE1746BB-F3D6-4771-B46D-293C4C4EA4B8}.Release|x64.ActiveCfg = Release|Any CPU
		{DE1746BB-F3D6-4771-B46D-293C4C4EA4B8}.Release|x64.Build.0 = Release|Any CPU
		{DE1746BB-F3D6-4771-B46D-293C4C4EA4B8}.Release|x86.ActiveCfg = Release|Any CPU
		{DE1746BB-F3D6-4771-B46D-293C4C4EA4B8}.Release|x86.Build.0 = Release|Any CPU
		{26103962-BA62-4136-A489-A460E8F78F79}.Debug|Any CPU.ActiveCfg = Debug|Any CPU
		{26103962-BA62-4136-A489-A460E8F78F79}.Debug|Any CPU.Build.0 = Debug|Any CPU
		{26103962-BA62-4136-A489-A460E8F78F79}.Debug|x64.ActiveCfg = Debug|Any CPU
		{26103962-BA62-4136-A489-A460E8F78F79}.Debug|x64.Build.0 = Debug|Any CPU
		{26103962-BA62-4136-A489-A460E8F78F79}.Debug|x86.ActiveCfg = Debug|Any CPU
		{26103962-BA62-4136-A489-A460E8F78F79}.Debug|x86.Build.0 = Debug|Any CPU
		{26103962-BA62-4136-A489-A460E8F78F79}.Release Debug|Any CPU.ActiveCfg = Release|Any CPU
		{26103962-BA62-4136-A489-A460E8F78F79}.Release Debug|Any CPU.Build.0 = Release|Any CPU
		{26103962-BA62-4136-A489-A460E8F78F79}.Release Debug|x64.ActiveCfg = Release|Any CPU
		{26103962-BA62-4136-A489-A460E8F78F79}.Release Debug|x64.Build.0 = Release|Any CPU
		{26103962-BA62-4136-A489-A460E8F78F79}.Release Debug|x86.ActiveCfg = Release|Any CPU
		{26103962-BA62-4136-A489-A460E8F78F79}.Release Debug|x86.Build.0 = Release|Any CPU
		{26103962-BA62-4136-A489-A460E8F78F79}.Release|Any CPU.ActiveCfg = Release|Any CPU
		{26103962-BA62-4136-A489-A460E8F78F79}.Release|Any CPU.Build.0 = Release|Any CPU
		{26103962-BA62-4136-A489-A460E8F78F79}.Release|x64.ActiveCfg = Release|Any CPU
		{26103962-BA62-4136-A489-A460E8F78F79}.Release|x64.Build.0 = Release|Any CPU
		{26103962-BA62-4136-A489-A460E8F78F79}.Release|x86.ActiveCfg = Release|Any CPU
		{26103962-BA62-4136-A489-A460E8F78F79}.Release|x86.Build.0 = Release|Any CPU
		{D129789C-3096-4D0B-8DD7-FE24A4DF4B21}.Debug|Any CPU.ActiveCfg = Debug|Any CPU
		{D129789C-3096-4D0B-8DD7-FE24A4DF4B21}.Debug|Any CPU.Build.0 = Debug|Any CPU
		{D129789C-3096-4D0B-8DD7-FE24A4DF4B21}.Debug|x64.ActiveCfg = Debug|Any CPU
		{D129789C-3096-4D0B-8DD7-FE24A4DF4B21}.Debug|x64.Build.0 = Debug|Any CPU
		{D129789C-3096-4D0B-8DD7-FE24A4DF4B21}.Debug|x86.ActiveCfg = Debug|Any CPU
		{D129789C-3096-4D0B-8DD7-FE24A4DF4B21}.Debug|x86.Build.0 = Debug|Any CPU
		{D129789C-3096-4D0B-8DD7-FE24A4DF4B21}.Release Debug|Any CPU.ActiveCfg = Release|Any CPU
		{D129789C-3096-4D0B-8DD7-FE24A4DF4B21}.Release Debug|Any CPU.Build.0 = Release|Any CPU
		{D129789C-3096-4D0B-8DD7-FE24A4DF4B21}.Release Debug|x64.ActiveCfg = Release|Any CPU
		{D129789C-3096-4D0B-8DD7-FE24A4DF4B21}.Release Debug|x64.Build.0 = Release|Any CPU
		{D129789C-3096-4D0B-8DD7-FE24A4DF4B21}.Release Debug|x86.ActiveCfg = Release|Any CPU
		{D129789C-3096-4D0B-8DD7-FE24A4DF4B21}.Release Debug|x86.Build.0 = Release|Any CPU
		{D129789C-3096-4D0B-8DD7-FE24A4DF4B21}.Release|Any CPU.ActiveCfg = Release|Any CPU
		{D129789C-3096-4D0B-8DD7-FE24A4DF4B21}.Release|Any CPU.Build.0 = Release|Any CPU
		{D129789C-3096-4D0B-8DD7-FE24A4DF4B21}.Release|x64.ActiveCfg = Release|Any CPU
		{D129789C-3096-4D0B-8DD7-FE24A4DF4B21}.Release|x64.Build.0 = Release|Any CPU
		{D129789C-3096-4D0B-8DD7-FE24A4DF4B21}.Release|x86.ActiveCfg = Release|Any CPU
		{D129789C-3096-4D0B-8DD7-FE24A4DF4B21}.Release|x86.Build.0 = Release|Any CPU
	EndGlobalSection
	GlobalSection(SolutionProperties) = preSolution
		HideSolutionNode = FALSE
	EndGlobalSection
	GlobalSection(NestedProjects) = preSolution
		{2E5EA2E6-E379-44C9-AB20-62C092472BC7} = {A6F41848-DC0F-46C5-A392-6BD94009C3E5}
		{8BCBF8BD-7F45-4C9E-BBAA-ABDEA8FA7C37} = {A6F41848-DC0F-46C5-A392-6BD94009C3E5}
		{16DC3729-A49B-4DE5-8BC0-68611EE45F46} = {3F414ABD-6A0A-469B-A2A2-CDAF54E0F5E3}
		{50150283-297B-49C9-BDD9-03A8D8D4B407} = {3F414ABD-6A0A-469B-A2A2-CDAF54E0F5E3}
		{DA8BF863-19D8-485A-8902-E76254251A62} = {3F414ABD-6A0A-469B-A2A2-CDAF54E0F5E3}
		{AA4879B3-C839-4F2E-BB32-BE2DE695632A} = {3F414ABD-6A0A-469B-A2A2-CDAF54E0F5E3}
		{7FA6AFCB-89AC-44FC-9840-C062C7FFDAD7} = {3F414ABD-6A0A-469B-A2A2-CDAF54E0F5E3}
		{0E586F01-C665-47B6-B33A-61AAF03FD1F4} = {3F414ABD-6A0A-469B-A2A2-CDAF54E0F5E3}
		{4DBEE1B0-5036-4C62-AF18-1F12C2512E3D} = {3F414ABD-6A0A-469B-A2A2-CDAF54E0F5E3}
		{67FBE4CE-28C6-4ABF-B17A-FE2558B6FA5C} = {D3EA3758-BC67-43D3-B7D3-D9100651B2EF}
		{DE1746BB-F3D6-4771-B46D-293C4C4EA4B8} = {A6F41848-DC0F-46C5-A392-6BD94009C3E5}
		{26103962-BA62-4136-A489-A460E8F78F79} = {A6F41848-DC0F-46C5-A392-6BD94009C3E5}
	EndGlobalSection
	GlobalSection(ExtensibilityGlobals) = postSolution
		SolutionGuid = {B7DD2D94-D061-474E-8A33-7848548FD4A4}
	EndGlobalSection
	GlobalSection(Performance) = preSolution
		HasPerformanceSessions = true
	EndGlobalSection
EndGlobal
